{
  "object": {
    "pins": [
      {
        "package": "BakingRecipe",
        "repositoryURL": "https://github.com/MoSchaub/BakingRecipe",
        "state": {
          "branch": "main",
          "revision": "499ee974f76c1ccfd55e88294a2900759b809dc0",
          "version": null
        }
      }
    ]
  },
  "version": 1
}
