{
  "object": {
    "pins": [
      {
        "package": "BakingRecipe",
        "repositoryURL": "/Users/moritzschaub/Developer/Swift/ios/BakingRecipe/.git",
        "state": {
          "branch": "main",
          "revision": "70aceeb57f7e7cd51d093002700a7842c6071936",
          "version": null
        }
      },
      {
        "package": "LBTATools",
        "repositoryURL": "https://github.com/bhlvoong/LBTATools.git",
        "state": {
          "branch": null,
          "revision": "dce147bfbdc0417a4b430ec220c088629e9dc81d",
          "version": "1.0.17"
        }
      }
    ]
  },
  "version": 1
}
