{
  "object": {
    "pins": [
      {
        "package": "BakingRecipe",
        "repositoryURL": "https://github.com/MoSchaub/BakingRecipe",
        "state": {
          "branch": "main",
          "revision": "7ff648188a007937b7fc23f6b0b0e07b6c6cc571",
          "version": null
        }
      }
    ]
  },
  "version": 1
}
