// !$*UTF8*$!
{
	archiveVersion = 1;
	classes = {
	};
	objectVersion = 52;
	objects = {

/* Begin PBXBuildFile section */
		CD07B23E252A51580085A643 /* BakingRecipeUIFoundation in Frameworks */ = {isa = PBXBuildFile; productRef = CD07B23D252A51580085A643 /* BakingRecipeUIFoundation */; };
		CD07B250252A589E0085A643 /* BakingRecipeSections in Frameworks */ = {isa = PBXBuildFile; productRef = CD07B24F252A589E0085A643 /* BakingRecipeSections */; };
		CD07B256252A5AA40085A643 /* BakingRecipeItems in Frameworks */ = {isa = PBXBuildFile; productRef = CD07B255252A5AA40085A643 /* BakingRecipeItems */; };
		CD0A179224ADF036001CDF5F /* BackgroundGradient.swift in Sources */ = {isa = PBXBuildFile; fileRef = CD76F9AF248BDA3000D11DD3 /* BackgroundGradient.swift */; };
		CD0A179424ADF095001CDF5F /* NeomorphicToggleStyle.swift in Sources */ = {isa = PBXBuildFile; fileRef = CD76F9B4248BDA3000D11DD3 /* NeomorphicToggleStyle.swift */; };
		CD0A179524ADF09D001CDF5F /* DecimalField.swift in Sources */ = {isa = PBXBuildFile; fileRef = CD76F999248BDA3000D11DD3 /* DecimalField.swift */; };
		CD0A179724ADF0B1001CDF5F /* MODatePicker.swift in Sources */ = {isa = PBXBuildFile; fileRef = CD76F9A7248BDA3000D11DD3 /* MODatePicker.swift */; };
		CD129574252BB3CA00FD7E12 /* BakingRecipeCells in Frameworks */ = {isa = PBXBuildFile; productRef = CD129573252BB3CA00FD7E12 /* BakingRecipeCells */; };
		CD29972224A9D89900759EBA /* StepTimeTableViewController.swift in Sources */ = {isa = PBXBuildFile; fileRef = CD29972124A9D89900759EBA /* StepTimeTableViewController.swift */; };
		CD29972324A9E53300759EBA /* bread.png in Resources */ = {isa = PBXBuildFile; fileRef = CD75BFC824629961005C902A /* bread.png */; };
		CD2BCE5624AE72CB00B868D7 /* Back_App_iOSTests.swift in Sources */ = {isa = PBXBuildFile; fileRef = CD2BCE5524AE72CB00B868D7 /* Back_App_iOSTests.swift */; };
		CD399AD024AA3F1200232F90 /* IngredientDetailViewController.swift in Sources */ = {isa = PBXBuildFile; fileRef = CD399ACF24AA3F1200232F90 /* IngredientDetailViewController.swift */; };
		CD399AD424AA766500232F90 /* RoomTempTableViewController.swift in Sources */ = {isa = PBXBuildFile; fileRef = CD399AD324AA766500232F90 /* RoomTempTableViewController.swift */; };
		CD59040924E2CF4F008A0E6E /* UserNotifications.framework in Frameworks */ = {isa = PBXBuildFile; fileRef = CD59040824E2CF4F008A0E6E /* UserNotifications.framework */; };
		CD59040B24E2CF4F008A0E6E /* UserNotificationsUI.framework in Frameworks */ = {isa = PBXBuildFile; fileRef = CD59040A24E2CF4F008A0E6E /* UserNotificationsUI.framework */; };
		CD59040E24E2CF4F008A0E6E /* NotificationViewController.swift in Sources */ = {isa = PBXBuildFile; fileRef = CD59040D24E2CF4F008A0E6E /* NotificationViewController.swift */; };
		CD59041124E2CF4F008A0E6E /* MainInterface.storyboard in Resources */ = {isa = PBXBuildFile; fileRef = CD59040F24E2CF4F008A0E6E /* MainInterface.storyboard */; };
		CD59041524E2CF4F008A0E6E /* Push Notification.appex in Embed App Extensions */ = {isa = PBXBuildFile; fileRef = CD59040724E2CF4F008A0E6E /* Push Notification.appex */; settings = {ATTRIBUTES = (RemoveHeadersOnCopy, ); }; };
		CD663F6824E2A0FE008F9A09 /* RecipeDetailDataSource.swift in Sources */ = {isa = PBXBuildFile; fileRef = CD663F6724E2A0FE008F9A09 /* RecipeDetailDataSource.swift */; };
		CD663F6C24E2A20B008F9A09 /* HomeDataSource.swift in Sources */ = {isa = PBXBuildFile; fileRef = CD663F6B24E2A20B008F9A09 /* HomeDataSource.swift */; };
		CD68D46324AC5CBB000D4BD7 /* InfoPlist.strings in Resources */ = {isa = PBXBuildFile; fileRef = CD68D46524AC5CBB000D4BD7 /* InfoPlist.strings */; };
		CD78EAAE250FE66C00E17DB0 /* ScheduleViewController.swift in Sources */ = {isa = PBXBuildFile; fileRef = CD78EAAD250FE66C00E17DB0 /* ScheduleViewController.swift */; };
		CD99C57524D8728700026716 /* PlainToggleStyle.swift in Sources */ = {isa = PBXBuildFile; fileRef = CD99C57424D8728700026716 /* PlainToggleStyle.swift */; };
		CD9B3CE9253CE6D000132CA9 /* Localizable.strings in Resources */ = {isa = PBXBuildFile; fileRef = CD9B3CE7253CE6D000132CA9 /* Localizable.strings */; };
		CD9B3CF4253CE6ED00132CA9 /* TestModels.swift in Sources */ = {isa = PBXBuildFile; fileRef = CD9B3CF3253CE6ED00132CA9 /* TestModels.swift */; };
		CDA1D80C24A782C700DDF709 /* StepDetailViewController.swift in Sources */ = {isa = PBXBuildFile; fileRef = CDA1D80B24A782C700DDF709 /* StepDetailViewController.swift */; };
		CDA7EE2C24A67DBD00763E21 /* AppDelegate.swift in Sources */ = {isa = PBXBuildFile; fileRef = CDA7EE2B24A67DBD00763E21 /* AppDelegate.swift */; };
		CDA7EE2E24A67DBD00763E21 /* SceneDelegate.swift in Sources */ = {isa = PBXBuildFile; fileRef = CDA7EE2D24A67DBD00763E21 /* SceneDelegate.swift */; };
		CDA7EE3024A67DBD00763E21 /* CompactHomeViewController.swift in Sources */ = {isa = PBXBuildFile; fileRef = CDA7EE2F24A67DBD00763E21 /* CompactHomeViewController.swift */; };
		CDA7EE4324A67DC200763E21 /* Back_App_iOSUITests.swift in Sources */ = {isa = PBXBuildFile; fileRef = CDA7EE4224A67DC200763E21 /* Back_App_iOSUITests.swift */; };
		CDA7EE5824A67E7000763E21 /* Images.xcassets in Resources */ = {isa = PBXBuildFile; fileRef = CD6A9A152340252600748249 /* Images.xcassets */; };
		CDA7EE6324A67E9D00763E21 /* ScheduleView.swift in Sources */ = {isa = PBXBuildFile; fileRef = CD76F9B1248BDA3000D11DD3 /* ScheduleView.swift */; };
		CDA7EE6524A67E9D00763E21 /* ScheduleForm.swift in Sources */ = {isa = PBXBuildFile; fileRef = CD76F9B9248BDA3000D11DD3 /* ScheduleForm.swift */; };
		CDA7EE7424A67EF200763E21 /* PrivacyPolicy.txt in Resources */ = {isa = PBXBuildFile; fileRef = CDB5EE4E246BDF6900E35376 /* PrivacyPolicy.txt */; };
		CDA806FC250400BE008E0EC0 /* ScheduleFormViewController.swift in Sources */ = {isa = PBXBuildFile; fileRef = CDA806FB250400BE008E0EC0 /* ScheduleFormViewController.swift */; };
		CDB20D5E2544E6FD00311A06 /* CompactHomeTests.swift in Sources */ = {isa = PBXBuildFile; fileRef = CDB20D5D2544E6FD00311A06 /* CompactHomeTests.swift */; };
		CDBDCF9B24A553A300121F98 /* RecipeDetailViewController.swift in Sources */ = {isa = PBXBuildFile; fileRef = CDBDCF9A24A553A300121F98 /* RecipeDetailViewController.swift */; };
		CDBDFDD624AA96A4002A6C84 /* StepTempTableViewController.swift in Sources */ = {isa = PBXBuildFile; fileRef = CDBDFDD524AA96A4002A6C84 /* StepTempTableViewController.swift */; };
		CDC68C72252878A700B29334 /* BakingRecipeCore in Frameworks */ = {isa = PBXBuildFile; productRef = CDC68C71252878A700B29334 /* BakingRecipeCore */; };
		CDE2C4CC24DC3D2D009378C4 /* AboutView.swift in Sources */ = {isa = PBXBuildFile; fileRef = CDE2C4CB24DC3D2D009378C4 /* AboutView.swift */; };
		CDE2C4CE24DC3EC0009378C4 /* AppIcon.xcassets in Resources */ = {isa = PBXBuildFile; fileRef = CDE2C4CD24DC3EC0009378C4 /* AppIcon.xcassets */; };
/* End PBXBuildFile section */

/* Begin PBXContainerItemProxy section */
		CD2BCE5824AE72CB00B868D7 /* PBXContainerItemProxy */ = {
			isa = PBXContainerItemProxy;
			containerPortal = CD6A9A042340252400748249 /* Project object */;
			proxyType = 1;
			remoteGlobalIDString = CDA7EE2824A67DBD00763E21;
			remoteInfo = "Back App iOS";
		};
		CD59041324E2CF4F008A0E6E /* PBXContainerItemProxy */ = {
			isa = PBXContainerItemProxy;
			containerPortal = CD6A9A042340252400748249 /* Project object */;
			proxyType = 1;
			remoteGlobalIDString = CD59040624E2CF4F008A0E6E;
			remoteInfo = "Push Notification";
		};
		CDA7EE3F24A67DC200763E21 /* PBXContainerItemProxy */ = {
			isa = PBXContainerItemProxy;
			containerPortal = CD6A9A042340252400748249 /* Project object */;
			proxyType = 1;
			remoteGlobalIDString = CDA7EE2824A67DBD00763E21;
			remoteInfo = "Back App iOS";
		};
/* End PBXContainerItemProxy section */

/* Begin PBXCopyFilesBuildPhase section */
		CD59041624E2CF4F008A0E6E /* Embed App Extensions */ = {
			isa = PBXCopyFilesBuildPhase;
			buildActionMask = 2147483647;
			dstPath = "";
			dstSubfolderSpec = 13;
			files = (
				CD59041524E2CF4F008A0E6E /* Push Notification.appex in Embed App Extensions */,
			);
			name = "Embed App Extensions";
			runOnlyForDeploymentPostprocessing = 0;
		};
		CD68D46824AC64D2000D4BD7 /* CopyFiles */ = {
			isa = PBXCopyFilesBuildPhase;
			buildActionMask = 8;
			dstPath = "";
			dstSubfolderSpec = 7;
			files = (
			);
			runOnlyForDeploymentPostprocessing = 1;
		};
/* End PBXCopyFilesBuildPhase section */

/* Begin PBXFileReference section */
		CD1B6A182483F7FF00597931 /* Default-568h@2x.png */ = {isa = PBXFileReference; lastKnownFileType = image.png; path = "Default-568h@2x.png"; sourceTree = "<group>"; };
		CD285D21258E412200813A4C /* BakingRecipeExtra */ = {isa = PBXFileReference; lastKnownFileType = folder; path = BakingRecipeExtra; sourceTree = "<group>"; };
		CD29972124A9D89900759EBA /* StepTimeTableViewController.swift */ = {isa = PBXFileReference; lastKnownFileType = sourcecode.swift; path = StepTimeTableViewController.swift; sourceTree = "<group>"; };
		CD2BCE5324AE72CB00B868D7 /* Back App iOSTests.xctest */ = {isa = PBXFileReference; explicitFileType = wrapper.cfbundle; includeInIndex = 0; path = "Back App iOSTests.xctest"; sourceTree = BUILT_PRODUCTS_DIR; };
		CD2BCE5524AE72CB00B868D7 /* Back_App_iOSTests.swift */ = {isa = PBXFileReference; lastKnownFileType = sourcecode.swift; path = Back_App_iOSTests.swift; sourceTree = "<group>"; };
		CD2BCE5724AE72CB00B868D7 /* Info.plist */ = {isa = PBXFileReference; lastKnownFileType = text.plist.xml; path = Info.plist; sourceTree = "<group>"; };
		CD399ACF24AA3F1200232F90 /* IngredientDetailViewController.swift */ = {isa = PBXFileReference; lastKnownFileType = sourcecode.swift; path = IngredientDetailViewController.swift; sourceTree = "<group>"; };
		CD399AD324AA766500232F90 /* RoomTempTableViewController.swift */ = {isa = PBXFileReference; lastKnownFileType = sourcecode.swift; path = RoomTempTableViewController.swift; sourceTree = "<group>"; };
		CD59040724E2CF4F008A0E6E /* Push Notification.appex */ = {isa = PBXFileReference; explicitFileType = "wrapper.app-extension"; includeInIndex = 0; path = "Push Notification.appex"; sourceTree = BUILT_PRODUCTS_DIR; };
		CD59040824E2CF4F008A0E6E /* UserNotifications.framework */ = {isa = PBXFileReference; lastKnownFileType = wrapper.framework; name = UserNotifications.framework; path = System/Library/Frameworks/UserNotifications.framework; sourceTree = SDKROOT; };
		CD59040A24E2CF4F008A0E6E /* UserNotificationsUI.framework */ = {isa = PBXFileReference; lastKnownFileType = wrapper.framework; name = UserNotificationsUI.framework; path = System/Library/Frameworks/UserNotificationsUI.framework; sourceTree = SDKROOT; };
		CD59040D24E2CF4F008A0E6E /* NotificationViewController.swift */ = {isa = PBXFileReference; lastKnownFileType = sourcecode.swift; path = NotificationViewController.swift; sourceTree = "<group>"; };
		CD59041024E2CF4F008A0E6E /* Base */ = {isa = PBXFileReference; lastKnownFileType = file.storyboard; name = Base; path = Base.lproj/MainInterface.storyboard; sourceTree = "<group>"; };
		CD59041224E2CF4F008A0E6E /* Info.plist */ = {isa = PBXFileReference; lastKnownFileType = text.plist.xml; path = Info.plist; sourceTree = "<group>"; };
		CD663F6724E2A0FE008F9A09 /* RecipeDetailDataSource.swift */ = {isa = PBXFileReference; lastKnownFileType = sourcecode.swift; path = RecipeDetailDataSource.swift; sourceTree = "<group>"; };
		CD663F6B24E2A20B008F9A09 /* HomeDataSource.swift */ = {isa = PBXFileReference; lastKnownFileType = sourcecode.swift; path = HomeDataSource.swift; sourceTree = "<group>"; };
		CD68D46424AC5CBB000D4BD7 /* de */ = {isa = PBXFileReference; lastKnownFileType = text.plist.strings; name = de; path = de.lproj/InfoPlist.strings; sourceTree = "<group>"; };
		CD68D46624AC5CBD000D4BD7 /* en */ = {isa = PBXFileReference; lastKnownFileType = text.plist.strings; name = en; path = en.lproj/InfoPlist.strings; sourceTree = "<group>"; };
		CD6A9A152340252600748249 /* Images.xcassets */ = {isa = PBXFileReference; lastKnownFileType = folder.assetcatalog; path = Images.xcassets; sourceTree = "<group>"; };
		CD75BFC824629961005C902A /* bread.png */ = {isa = PBXFileReference; lastKnownFileType = image.png; path = bread.png; sourceTree = "<group>"; };
		CD7691BB24EEAB6600BAB383 /* Back App.entitlements */ = {isa = PBXFileReference; lastKnownFileType = text.plist.entitlements; path = "Back App.entitlements"; sourceTree = "<group>"; };
		CD76F999248BDA3000D11DD3 /* DecimalField.swift */ = {isa = PBXFileReference; fileEncoding = 4; lastKnownFileType = sourcecode.swift; path = DecimalField.swift; sourceTree = "<group>"; };
		CD76F99A248BDA3000D11DD3 /* AddStepView.swift */ = {isa = PBXFileReference; fileEncoding = 4; lastKnownFileType = sourcecode.swift; path = AddStepView.swift; sourceTree = "<group>"; };
		CD76F99B248BDA3000D11DD3 /* AddIngredientView.swift */ = {isa = PBXFileReference; fileEncoding = 4; lastKnownFileType = sourcecode.swift; path = AddIngredientView.swift; sourceTree = "<group>"; };
		CD76F99E248BDA3000D11DD3 /* HomeView.swift */ = {isa = PBXFileReference; fileEncoding = 4; lastKnownFileType = sourcecode.swift; path = HomeView.swift; sourceTree = "<group>"; };
		CD76F99F248BDA3000D11DD3 /* BottomSheetView.swift */ = {isa = PBXFileReference; fileEncoding = 4; lastKnownFileType = sourcecode.swift; path = BottomSheetView.swift; sourceTree = "<group>"; };
		CD76F9A0248BDA3000D11DD3 /* ImpressumView.swift */ = {isa = PBXFileReference; fileEncoding = 4; lastKnownFileType = sourcecode.swift; path = ImpressumView.swift; sourceTree = "<group>"; };
		CD76F9A4248BDA3000D11DD3 /* CardView.swift */ = {isa = PBXFileReference; fileEncoding = 4; lastKnownFileType = sourcecode.swift; path = CardView.swift; sourceTree = "<group>"; };
		CD76F9A5248BDA3000D11DD3 /* SearchBar.swift */ = {isa = PBXFileReference; fileEncoding = 4; lastKnownFileType = sourcecode.swift; path = SearchBar.swift; sourceTree = "<group>"; };
		CD76F9A7248BDA3000D11DD3 /* MODatePicker.swift */ = {isa = PBXFileReference; fileEncoding = 4; lastKnownFileType = sourcecode.swift; path = MODatePicker.swift; sourceTree = "<group>"; };
		CD76F9A9248BDA3000D11DD3 /* ImagePicker.swift */ = {isa = PBXFileReference; fileEncoding = 4; lastKnownFileType = sourcecode.swift; path = ImagePicker.swift; sourceTree = "<group>"; };
		CD76F9AA248BDA3000D11DD3 /* ImagePickerView.swift */ = {isa = PBXFileReference; fileEncoding = 4; lastKnownFileType = sourcecode.swift; path = ImagePickerView.swift; sourceTree = "<group>"; };
		CD76F9AB248BDA3000D11DD3 /* MOTimePicker.swift */ = {isa = PBXFileReference; fileEncoding = 4; lastKnownFileType = sourcecode.swift; path = MOTimePicker.swift; sourceTree = "<group>"; };
		CD76F9AC248BDA3000D11DD3 /* DocumentPicker.swift */ = {isa = PBXFileReference; fileEncoding = 4; lastKnownFileType = sourcecode.swift; path = DocumentPicker.swift; sourceTree = "<group>"; };
		CD76F9AE248BDA3000D11DD3 /* ViewExtension.swift */ = {isa = PBXFileReference; fileEncoding = 4; lastKnownFileType = sourcecode.swift; path = ViewExtension.swift; sourceTree = "<group>"; };
		CD76F9AF248BDA3000D11DD3 /* BackgroundGradient.swift */ = {isa = PBXFileReference; fileEncoding = 4; lastKnownFileType = sourcecode.swift; path = BackgroundGradient.swift; sourceTree = "<group>"; };
		CD76F9B1248BDA3000D11DD3 /* ScheduleView.swift */ = {isa = PBXFileReference; fileEncoding = 4; lastKnownFileType = sourcecode.swift; path = ScheduleView.swift; sourceTree = "<group>"; };
		CD76F9B4248BDA3000D11DD3 /* NeomorphicToggleStyle.swift */ = {isa = PBXFileReference; fileEncoding = 4; lastKnownFileType = sourcecode.swift; path = NeomorphicToggleStyle.swift; sourceTree = "<group>"; };
		CD76F9B6248BDA3000D11DD3 /* IngredientDetail.swift */ = {isa = PBXFileReference; fileEncoding = 4; lastKnownFileType = sourcecode.swift; path = IngredientDetail.swift; sourceTree = "<group>"; };
		CD76F9B7248BDA3000D11DD3 /* StepDetail.swift */ = {isa = PBXFileReference; fileEncoding = 4; lastKnownFileType = sourcecode.swift; path = StepDetail.swift; sourceTree = "<group>"; };
		CD76F9B8248BDA3000D11DD3 /* RecipeDetail.swift */ = {isa = PBXFileReference; fileEncoding = 4; lastKnownFileType = sourcecode.swift; path = RecipeDetail.swift; sourceTree = "<group>"; };
		CD76F9B9248BDA3000D11DD3 /* ScheduleForm.swift */ = {isa = PBXFileReference; fileEncoding = 4; lastKnownFileType = sourcecode.swift; path = ScheduleForm.swift; sourceTree = "<group>"; };
		CD78EAAD250FE66C00E17DB0 /* ScheduleViewController.swift */ = {isa = PBXFileReference; lastKnownFileType = sourcecode.swift; path = ScheduleViewController.swift; sourceTree = "<group>"; };
		CD8A742A258E39CD0039C1BF /* BakingRecipeCore */ = {isa = PBXFileReference; lastKnownFileType = folder; path = BakingRecipeCore; sourceTree = "<group>"; };
		CD8A742F258E3A9D0039C1BF /* BakingRecipeStrings */ = {isa = PBXFileReference; lastKnownFileType = folder; path = BakingRecipeStrings; sourceTree = "<group>"; };
		CD8E3FE0258E388600E86F0F /* BakingRecipeFoundation */ = {isa = PBXFileReference; lastKnownFileType = folder; path = BakingRecipeFoundation; sourceTree = "<group>"; };
		CD99C57424D8728700026716 /* PlainToggleStyle.swift */ = {isa = PBXFileReference; lastKnownFileType = sourcecode.swift; path = PlainToggleStyle.swift; sourceTree = "<group>"; };
		CD9B3CE8253CE6D000132CA9 /* en */ = {isa = PBXFileReference; lastKnownFileType = text.plist.strings; name = en; path = en.lproj/Localizable.strings; sourceTree = "<group>"; };
		CD9B3CF2253CE6D600132CA9 /* de */ = {isa = PBXFileReference; lastKnownFileType = text.plist.strings; name = de; path = de.lproj/Localizable.strings; sourceTree = "<group>"; };
		CD9B3CF3253CE6ED00132CA9 /* TestModels.swift */ = {isa = PBXFileReference; fileEncoding = 4; lastKnownFileType = sourcecode.swift; path = TestModels.swift; sourceTree = "<group>"; };
		CDA1D80B24A782C700DDF709 /* StepDetailViewController.swift */ = {isa = PBXFileReference; lastKnownFileType = sourcecode.swift; path = StepDetailViewController.swift; sourceTree = "<group>"; };
		CDA7EE2924A67DBD00763E21 /* Back App.app */ = {isa = PBXFileReference; explicitFileType = wrapper.application; includeInIndex = 0; path = "Back App.app"; sourceTree = BUILT_PRODUCTS_DIR; };
		CDA7EE2B24A67DBD00763E21 /* AppDelegate.swift */ = {isa = PBXFileReference; lastKnownFileType = sourcecode.swift; path = AppDelegate.swift; sourceTree = "<group>"; };
		CDA7EE2D24A67DBD00763E21 /* SceneDelegate.swift */ = {isa = PBXFileReference; lastKnownFileType = sourcecode.swift; path = SceneDelegate.swift; sourceTree = "<group>"; };
		CDA7EE2F24A67DBD00763E21 /* CompactHomeViewController.swift */ = {isa = PBXFileReference; lastKnownFileType = sourcecode.swift; path = CompactHomeViewController.swift; sourceTree = "<group>"; };
		CDA7EE3924A67DC200763E21 /* Info.plist */ = {isa = PBXFileReference; lastKnownFileType = text.plist.xml; path = Info.plist; sourceTree = "<group>"; };
		CDA7EE3E24A67DC200763E21 /* Back App iOSUITests.xctest */ = {isa = PBXFileReference; explicitFileType = wrapper.cfbundle; includeInIndex = 0; path = "Back App iOSUITests.xctest"; sourceTree = BUILT_PRODUCTS_DIR; };
		CDA7EE4224A67DC200763E21 /* Back_App_iOSUITests.swift */ = {isa = PBXFileReference; lastKnownFileType = sourcecode.swift; path = Back_App_iOSUITests.swift; sourceTree = "<group>"; };
		CDA7EE4424A67DC200763E21 /* Info.plist */ = {isa = PBXFileReference; lastKnownFileType = text.plist.xml; path = Info.plist; sourceTree = "<group>"; };
		CDA806FB250400BE008E0EC0 /* ScheduleFormViewController.swift */ = {isa = PBXFileReference; lastKnownFileType = sourcecode.swift; path = ScheduleFormViewController.swift; sourceTree = "<group>"; };
		CDB20D5D2544E6FD00311A06 /* CompactHomeTests.swift */ = {isa = PBXFileReference; lastKnownFileType = sourcecode.swift; path = CompactHomeTests.swift; sourceTree = "<group>"; };
		CDB5EE4E246BDF6900E35376 /* PrivacyPolicy.txt */ = {isa = PBXFileReference; fileEncoding = 4; lastKnownFileType = text; path = PrivacyPolicy.txt; sourceTree = "<group>"; };
		CDB5EE50246BDF6900E35376 /* BackAppImpressum.txt */ = {isa = PBXFileReference; fileEncoding = 4; lastKnownFileType = text; path = BackAppImpressum.txt; sourceTree = "<group>"; };
		CDBDCF9A24A553A300121F98 /* RecipeDetailViewController.swift */ = {isa = PBXFileReference; lastKnownFileType = sourcecode.swift; path = RecipeDetailViewController.swift; sourceTree = "<group>"; };
		CDBDFDD524AA96A4002A6C84 /* StepTempTableViewController.swift */ = {isa = PBXFileReference; lastKnownFileType = sourcecode.swift; path = StepTempTableViewController.swift; sourceTree = "<group>"; };
		CDE2C4CB24DC3D2D009378C4 /* AboutView.swift */ = {isa = PBXFileReference; lastKnownFileType = sourcecode.swift; path = AboutView.swift; sourceTree = "<group>"; };
		CDE2C4CD24DC3EC0009378C4 /* AppIcon.xcassets */ = {isa = PBXFileReference; lastKnownFileType = folder.assetcatalog; path = AppIcon.xcassets; sourceTree = "<group>"; };
/* End PBXFileReference section */

/* Begin PBXFrameworksBuildPhase section */
		CD2BCE5024AE72CB00B868D7 /* Frameworks */ = {
			isa = PBXFrameworksBuildPhase;
			buildActionMask = 2147483647;
			files = (
			);
			runOnlyForDeploymentPostprocessing = 0;
		};
		CD59040424E2CF4F008A0E6E /* Frameworks */ = {
			isa = PBXFrameworksBuildPhase;
			buildActionMask = 2147483647;
			files = (
				CD59040B24E2CF4F008A0E6E /* UserNotificationsUI.framework in Frameworks */,
				CD59040924E2CF4F008A0E6E /* UserNotifications.framework in Frameworks */,
			);
			runOnlyForDeploymentPostprocessing = 0;
		};
		CDA7EE2624A67DBD00763E21 /* Frameworks */ = {
			isa = PBXFrameworksBuildPhase;
			buildActionMask = 2147483647;
			files = (
				CDC68C72252878A700B29334 /* BakingRecipeCore in Frameworks */,
				CD129574252BB3CA00FD7E12 /* BakingRecipeCells in Frameworks */,
				CD07B23E252A51580085A643 /* BakingRecipeUIFoundation in Frameworks */,
				CD07B250252A589E0085A643 /* BakingRecipeSections in Frameworks */,
				CD07B256252A5AA40085A643 /* BakingRecipeItems in Frameworks */,
			);
			runOnlyForDeploymentPostprocessing = 0;
		};
		CDA7EE3B24A67DC200763E21 /* Frameworks */ = {
			isa = PBXFrameworksBuildPhase;
			buildActionMask = 2147483647;
			files = (
			);
			runOnlyForDeploymentPostprocessing = 0;
		};
/* End PBXFrameworksBuildPhase section */

/* Begin PBXGroup section */
		CD2BCE5424AE72CB00B868D7 /* Back App iOSTests */ = {
			isa = PBXGroup;
			children = (
				CD2BCE5524AE72CB00B868D7 /* Back_App_iOSTests.swift */,
				CD2BCE5724AE72CB00B868D7 /* Info.plist */,
			);
			path = "Back App iOSTests";
			sourceTree = "<group>";
		};
		CD2C4C8124DAC980009195A8 /* CompactHome */ = {
			isa = PBXGroup;
			children = (
				CDA7EE2F24A67DBD00763E21 /* CompactHomeViewController.swift */,
				CDBDFDD324AA95BE002A6C84 /* Components */,
			);
			path = CompactHome;
			sourceTree = "<group>";
		};
		CD59040C24E2CF4F008A0E6E /* Push Notification */ = {
			isa = PBXGroup;
			children = (
				CD59040D24E2CF4F008A0E6E /* NotificationViewController.swift */,
				CD59040F24E2CF4F008A0E6E /* MainInterface.storyboard */,
				CD59041224E2CF4F008A0E6E /* Info.plist */,
			);
			path = "Push Notification";
			sourceTree = "<group>";
		};
		CD6A9A032340252400748249 = {
			isa = PBXGroup;
			children = (
				CD285D21258E412200813A4C /* BakingRecipeExtra */,
				CD8A742F258E3A9D0039C1BF /* BakingRecipeStrings */,
				CD8A742A258E39CD0039C1BF /* BakingRecipeCore */,
				CD8E3FE0258E388600E86F0F /* BakingRecipeFoundation */,
				CD1B6A182483F7FF00597931 /* Default-568h@2x.png */,
				CD75BFC824629961005C902A /* bread.png */,
				CDA7EE4C24A67E2200763E21 /* Shared */,
				CDA7EE2A24A67DBD00763E21 /* Back App iOS */,
				CDA7EE4124A67DC200763E21 /* Back App iOSUITests */,
				CD2BCE5424AE72CB00B868D7 /* Back App iOSTests */,
				CD59040C24E2CF4F008A0E6E /* Push Notification */,
				CD6A9A0D2340252400748249 /* Products */,
				CDB5EE1A246B3A9400E35376 /* Frameworks */,
			);
			sourceTree = "<group>";
		};
		CD6A9A0D2340252400748249 /* Products */ = {
			isa = PBXGroup;
			children = (
				CDA7EE2924A67DBD00763E21 /* Back App.app */,
				CDA7EE3E24A67DC200763E21 /* Back App iOSUITests.xctest */,
				CD2BCE5324AE72CB00B868D7 /* Back App iOSTests.xctest */,
				CD59040724E2CF4F008A0E6E /* Push Notification.appex */,
			);
			name = Products;
			sourceTree = "<group>";
		};
		CD76F994248BDA3000D11DD3 /* View */ = {
			isa = PBXGroup;
			children = (
				CD76F995248BDA3000D11DD3 /* AddRecipeView */,
				CD76F99D248BDA3000D11DD3 /* Home View */,
				CD76F9B0248BDA3000D11DD3 /* Rezept Detail */,
				CD76F9A6248BDA3000D11DD3 /* CustomViews */,
			);
			path = View;
			sourceTree = "<group>";
		};
		CD76F995248BDA3000D11DD3 /* AddRecipeView */ = {
			isa = PBXGroup;
			children = (
				CD76F996248BDA3000D11DD3 /* Components */,
			);
			path = AddRecipeView;
			sourceTree = "<group>";
		};
		CD76F996248BDA3000D11DD3 /* Components */ = {
			isa = PBXGroup;
			children = (
				CD76F999248BDA3000D11DD3 /* DecimalField.swift */,
				CD76F99A248BDA3000D11DD3 /* AddStepView.swift */,
				CD76F99B248BDA3000D11DD3 /* AddIngredientView.swift */,
			);
			path = Components;
			sourceTree = "<group>";
		};
		CD76F99D248BDA3000D11DD3 /* Home View */ = {
			isa = PBXGroup;
			children = (
				CD76F99E248BDA3000D11DD3 /* HomeView.swift */,
				CD76F99F248BDA3000D11DD3 /* BottomSheetView.swift */,
				CD76F9A0248BDA3000D11DD3 /* ImpressumView.swift */,
				CD76F9A4248BDA3000D11DD3 /* CardView.swift */,
				CD76F9A5248BDA3000D11DD3 /* SearchBar.swift */,
			);
			path = "Home View";
			sourceTree = "<group>";
		};
		CD76F9A6248BDA3000D11DD3 /* CustomViews */ = {
			isa = PBXGroup;
			children = (
				CD76F9A7248BDA3000D11DD3 /* MODatePicker.swift */,
				CD76F9A8248BDA3000D11DD3 /* ImagePicker */,
				CD76F9AB248BDA3000D11DD3 /* MOTimePicker.swift */,
				CD76F9AC248BDA3000D11DD3 /* DocumentPicker.swift */,
				CD76F9AE248BDA3000D11DD3 /* ViewExtension.swift */,
				CD76F9AF248BDA3000D11DD3 /* BackgroundGradient.swift */,
			);
			path = CustomViews;
			sourceTree = "<group>";
		};
		CD76F9A8248BDA3000D11DD3 /* ImagePicker */ = {
			isa = PBXGroup;
			children = (
				CD76F9A9248BDA3000D11DD3 /* ImagePicker.swift */,
				CD76F9AA248BDA3000D11DD3 /* ImagePickerView.swift */,
			);
			path = ImagePicker;
			sourceTree = "<group>";
		};
		CD76F9B0248BDA3000D11DD3 /* Rezept Detail */ = {
			isa = PBXGroup;
			children = (
				CD76F9B1248BDA3000D11DD3 /* ScheduleView.swift */,
				CD76F9B8248BDA3000D11DD3 /* RecipeDetail.swift */,
				CD76F9B9248BDA3000D11DD3 /* ScheduleForm.swift */,
				CD76F9B2248BDA3000D11DD3 /* Components */,
			);
			path = "Rezept Detail";
			sourceTree = "<group>";
		};
		CD76F9B2248BDA3000D11DD3 /* Components */ = {
			isa = PBXGroup;
			children = (
				CD76F9B7248BDA3000D11DD3 /* StepDetail.swift */,
				CD76F9B6248BDA3000D11DD3 /* IngredientDetail.swift */,
				CD76F9B4248BDA3000D11DD3 /* NeomorphicToggleStyle.swift */,
				CD99C57424D8728700026716 /* PlainToggleStyle.swift */,
			);
			path = Components;
			sourceTree = "<group>";
		};
		CD8101F724A9F357000C0220 /* StepDetail */ = {
			isa = PBXGroup;
			children = (
				CDA1D80B24A782C700DDF709 /* StepDetailViewController.swift */,
				CD8101F824A9F36A000C0220 /* Components */,
			);
			path = StepDetail;
			sourceTree = "<group>";
		};
		CD8101F824A9F36A000C0220 /* Components */ = {
			isa = PBXGroup;
			children = (
				CD29972124A9D89900759EBA /* StepTimeTableViewController.swift */,
				CDBDFDD524AA96A4002A6C84 /* StepTempTableViewController.swift */,
				CD399ACF24AA3F1200232F90 /* IngredientDetailViewController.swift */,
			);
			path = Components;
			sourceTree = "<group>";
		};
		CD8101F924A9F381000C0220 /* RecipeDetail */ = {
			isa = PBXGroup;
			children = (
				CDBDCF9A24A553A300121F98 /* RecipeDetailViewController.swift */,
				CD663F6724E2A0FE008F9A09 /* RecipeDetailDataSource.swift */,
				CDA806FB250400BE008E0EC0 /* ScheduleFormViewController.swift */,
				CD78EAAD250FE66C00E17DB0 /* ScheduleViewController.swift */,
			);
			path = RecipeDetail;
			sourceTree = "<group>";
		};
		CDA7EE2A24A67DBD00763E21 /* Back App iOS */ = {
			isa = PBXGroup;
			children = (
				CD7691BB24EEAB6600BAB383 /* Back App.entitlements */,
				CDBDCF9C24A553BF00121F98 /* supporting Files */,
				CDB383E724A61ED80049C2BE /* Controllers */,
				CDA7EE3924A67DC200763E21 /* Info.plist */,
				CD68D46524AC5CBB000D4BD7 /* InfoPlist.strings */,
			);
			path = "Back App iOS";
			sourceTree = "<group>";
		};
		CDA7EE4124A67DC200763E21 /* Back App iOSUITests */ = {
			isa = PBXGroup;
			children = (
				CD9B3CE7253CE6D000132CA9 /* Localizable.strings */,
				CDA7EE4224A67DC200763E21 /* Back_App_iOSUITests.swift */,
				CD9B3CF3253CE6ED00132CA9 /* TestModels.swift */,
				CDA7EE4424A67DC200763E21 /* Info.plist */,
			);
			path = "Back App iOSUITests";
			sourceTree = "<group>";
		};
		CDA7EE4C24A67E2200763E21 /* Shared */ = {
			isa = PBXGroup;
			children = (
				CDB5EE4D246BDF6900E35376 /* Data */,
				CD76F994248BDA3000D11DD3 /* View */,
				CD6A9A152340252600748249 /* Images.xcassets */,
				CDE2C4CD24DC3EC0009378C4 /* AppIcon.xcassets */,
			);
			path = Shared;
			sourceTree = "<group>";
		};
		CDB383E724A61ED80049C2BE /* Controllers */ = {
			isa = PBXGroup;
			children = (
				CDBDFDD224AA9593002A6C84 /* Compact */,
			);
			path = Controllers;
			sourceTree = "<group>";
		};
		CDB5EE1A246B3A9400E35376 /* Frameworks */ = {
			isa = PBXGroup;
			children = (
				CD59040824E2CF4F008A0E6E /* UserNotifications.framework */,
				CD59040A24E2CF4F008A0E6E /* UserNotificationsUI.framework */,
			);
			name = Frameworks;
			sourceTree = "<group>";
		};
		CDB5EE4D246BDF6900E35376 /* Data */ = {
			isa = PBXGroup;
			children = (
				CDB5EE4E246BDF6900E35376 /* PrivacyPolicy.txt */,
				CDB5EE50246BDF6900E35376 /* BackAppImpressum.txt */,
			);
			path = Data;
			sourceTree = "<group>";
		};
		CDBDCF9C24A553BF00121F98 /* supporting Files */ = {
			isa = PBXGroup;
			children = (
				CDA7EE2B24A67DBD00763E21 /* AppDelegate.swift */,
				CDA7EE2D24A67DBD00763E21 /* SceneDelegate.swift */,
			);
			path = "supporting Files";
			sourceTree = "<group>";
		};
		CDBDFDD224AA9593002A6C84 /* Compact */ = {
			isa = PBXGroup;
			children = (
				CD2C4C8124DAC980009195A8 /* CompactHome */,
				CD8101F924A9F381000C0220 /* RecipeDetail */,
				CD8101F724A9F357000C0220 /* StepDetail */,
			);
			path = Compact;
			sourceTree = "<group>";
		};
		CDBDFDD324AA95BE002A6C84 /* Components */ = {
			isa = PBXGroup;
			children = (
				CD399AD324AA766500232F90 /* RoomTempTableViewController.swift */,
				CD663F6B24E2A20B008F9A09 /* HomeDataSource.swift */,
				CDE2C4CB24DC3D2D009378C4 /* AboutView.swift */,
				CDB20D5D2544E6FD00311A06 /* CompactHomeTests.swift */,
			);
			path = Components;
			sourceTree = "<group>";
		};
/* End PBXGroup section */

/* Begin PBXNativeTarget section */
		CD2BCE5224AE72CB00B868D7 /* Back App iOSTests */ = {
			isa = PBXNativeTarget;
			buildConfigurationList = CD2BCE5C24AE72CB00B868D7 /* Build configuration list for PBXNativeTarget "Back App iOSTests" */;
			buildPhases = (
				CD2BCE4F24AE72CB00B868D7 /* Sources */,
				CD2BCE5024AE72CB00B868D7 /* Frameworks */,
				CD2BCE5124AE72CB00B868D7 /* Resources */,
			);
			buildRules = (
			);
			dependencies = (
				CD2BCE5924AE72CB00B868D7 /* PBXTargetDependency */,
			);
			name = "Back App iOSTests";
			productName = "Back App iOSTests";
			productReference = CD2BCE5324AE72CB00B868D7 /* Back App iOSTests.xctest */;
			productType = "com.apple.product-type.bundle.unit-test";
		};
		CD59040624E2CF4F008A0E6E /* Push Notification */ = {
			isa = PBXNativeTarget;
			buildConfigurationList = CD59041924E2CF4F008A0E6E /* Build configuration list for PBXNativeTarget "Push Notification" */;
			buildPhases = (
				CD59040324E2CF4F008A0E6E /* Sources */,
				CD59040424E2CF4F008A0E6E /* Frameworks */,
				CD59040524E2CF4F008A0E6E /* Resources */,
			);
			buildRules = (
			);
			dependencies = (
			);
			name = "Push Notification";
			productName = "Push Notification";
			productReference = CD59040724E2CF4F008A0E6E /* Push Notification.appex */;
			productType = "com.apple.product-type.app-extension";
		};
		CDA7EE2824A67DBD00763E21 /* Back App iOS */ = {
			isa = PBXNativeTarget;
			buildConfigurationList = CDA7EE4924A67DC200763E21 /* Build configuration list for PBXNativeTarget "Back App iOS" */;
			buildPhases = (
				CDA7EE2524A67DBD00763E21 /* Sources */,
				CDA7EE2624A67DBD00763E21 /* Frameworks */,
				CDA7EE2724A67DBD00763E21 /* Resources */,
				CD68D46824AC64D2000D4BD7 /* CopyFiles */,
				CD59041624E2CF4F008A0E6E /* Embed App Extensions */,
			);
			buildRules = (
			);
			dependencies = (
				CD59041424E2CF4F008A0E6E /* PBXTargetDependency */,
			);
			name = "Back App iOS";
			packageProductDependencies = (
				CDC68C71252878A700B29334 /* BakingRecipeCore */,
				CD07B23D252A51580085A643 /* BakingRecipeUIFoundation */,
				CD07B24F252A589E0085A643 /* BakingRecipeSections */,
				CD07B255252A5AA40085A643 /* BakingRecipeItems */,
				CD129573252BB3CA00FD7E12 /* BakingRecipeCells */,
			);
			productName = "Back App iOS";
			productReference = CDA7EE2924A67DBD00763E21 /* Back App.app */;
			productType = "com.apple.product-type.application";
		};
		CDA7EE3D24A67DC200763E21 /* Back App iOSUITests */ = {
			isa = PBXNativeTarget;
			buildConfigurationList = CDA7EE4A24A67DC200763E21 /* Build configuration list for PBXNativeTarget "Back App iOSUITests" */;
			buildPhases = (
				CDA7EE3A24A67DC200763E21 /* Sources */,
				CDA7EE3B24A67DC200763E21 /* Frameworks */,
				CDA7EE3C24A67DC200763E21 /* Resources */,
			);
			buildRules = (
			);
			dependencies = (
				CDA7EE4024A67DC200763E21 /* PBXTargetDependency */,
			);
			name = "Back App iOSUITests";
			productName = "Back App iOSUITests";
			productReference = CDA7EE3E24A67DC200763E21 /* Back App iOSUITests.xctest */;
			productType = "com.apple.product-type.bundle.ui-testing";
		};
/* End PBXNativeTarget section */

/* Begin PBXProject section */
		CD6A9A042340252400748249 /* Project object */ = {
			isa = PBXProject;
			attributes = {
				LastSwiftUpdateCheck = 1160;
				LastUpgradeCheck = 1200;
				ORGANIZATIONNAME = "Moritz Schaub";
				TargetAttributes = {
					CD2BCE5224AE72CB00B868D7 = {
						CreatedOnToolsVersion = 11.5;
						TestTargetID = CDA7EE2824A67DBD00763E21;
					};
					CD59040624E2CF4F008A0E6E = {
						CreatedOnToolsVersion = 11.6;
					};
					CDA7EE2824A67DBD00763E21 = {
						CreatedOnToolsVersion = 11.5;
					};
					CDA7EE3D24A67DC200763E21 = {
						CreatedOnToolsVersion = 11.5;
						TestTargetID = CDA7EE2824A67DBD00763E21;
					};
				};
			};
			buildConfigurationList = CD6A9A072340252400748249 /* Build configuration list for PBXProject "BackApp" */;
			compatibilityVersion = "Xcode 9.3";
			developmentRegion = de;
			hasScannedForEncodings = 0;
			knownRegions = (
				de,
				en,
				Base,
			);
			mainGroup = CD6A9A032340252400748249;
			packageReferences = (
			);
			productRefGroup = CD6A9A0D2340252400748249 /* Products */;
			projectDirPath = "";
			projectRoot = "";
			targets = (
				CDA7EE2824A67DBD00763E21 /* Back App iOS */,
				CDA7EE3D24A67DC200763E21 /* Back App iOSUITests */,
				CD2BCE5224AE72CB00B868D7 /* Back App iOSTests */,
				CD59040624E2CF4F008A0E6E /* Push Notification */,
			);
		};
/* End PBXProject section */

/* Begin PBXResourcesBuildPhase section */
		CD2BCE5124AE72CB00B868D7 /* Resources */ = {
			isa = PBXResourcesBuildPhase;
			buildActionMask = 2147483647;
			files = (
			);
			runOnlyForDeploymentPostprocessing = 0;
		};
		CD59040524E2CF4F008A0E6E /* Resources */ = {
			isa = PBXResourcesBuildPhase;
			buildActionMask = 2147483647;
			files = (
				CD59041124E2CF4F008A0E6E /* MainInterface.storyboard in Resources */,
			);
			runOnlyForDeploymentPostprocessing = 0;
		};
		CDA7EE2724A67DBD00763E21 /* Resources */ = {
			isa = PBXResourcesBuildPhase;
			buildActionMask = 2147483647;
			files = (
				CD68D46324AC5CBB000D4BD7 /* InfoPlist.strings in Resources */,
				CDA7EE7424A67EF200763E21 /* PrivacyPolicy.txt in Resources */,
				CD29972324A9E53300759EBA /* bread.png in Resources */,
				CDE2C4CE24DC3EC0009378C4 /* AppIcon.xcassets in Resources */,
				CDA7EE5824A67E7000763E21 /* Images.xcassets in Resources */,
			);
			runOnlyForDeploymentPostprocessing = 0;
		};
		CDA7EE3C24A67DC200763E21 /* Resources */ = {
			isa = PBXResourcesBuildPhase;
			buildActionMask = 2147483647;
			files = (
				CD9B3CE9253CE6D000132CA9 /* Localizable.strings in Resources */,
			);
			runOnlyForDeploymentPostprocessing = 0;
		};
/* End PBXResourcesBuildPhase section */

/* Begin PBXSourcesBuildPhase section */
		CD2BCE4F24AE72CB00B868D7 /* Sources */ = {
			isa = PBXSourcesBuildPhase;
			buildActionMask = 2147483647;
			files = (
				CD2BCE5624AE72CB00B868D7 /* Back_App_iOSTests.swift in Sources */,
			);
			runOnlyForDeploymentPostprocessing = 0;
		};
		CD59040324E2CF4F008A0E6E /* Sources */ = {
			isa = PBXSourcesBuildPhase;
			buildActionMask = 2147483647;
			files = (
				CD59040E24E2CF4F008A0E6E /* NotificationViewController.swift in Sources */,
			);
			runOnlyForDeploymentPostprocessing = 0;
		};
		CDA7EE2524A67DBD00763E21 /* Sources */ = {
			isa = PBXSourcesBuildPhase;
			buildActionMask = 2147483647;
			files = (
				CDBDFDD624AA96A4002A6C84 /* StepTempTableViewController.swift in Sources */,
				CD663F6C24E2A20B008F9A09 /* HomeDataSource.swift in Sources */,
				CD99C57524D8728700026716 /* PlainToggleStyle.swift in Sources */,
				CDA7EE3024A67DBD00763E21 /* CompactHomeViewController.swift in Sources */,
				CDA7EE2C24A67DBD00763E21 /* AppDelegate.swift in Sources */,
				CD663F6824E2A0FE008F9A09 /* RecipeDetailDataSource.swift in Sources */,
				CDA806FC250400BE008E0EC0 /* ScheduleFormViewController.swift in Sources */,
				CDA7EE6324A67E9D00763E21 /* ScheduleView.swift in Sources */,
				CD0A179724ADF0B1001CDF5F /* MODatePicker.swift in Sources */,
				CD0A179524ADF09D001CDF5F /* DecimalField.swift in Sources */,
				CD78EAAE250FE66C00E17DB0 /* ScheduleViewController.swift in Sources */,
				CDBDCF9B24A553A300121F98 /* RecipeDetailViewController.swift in Sources */,
				CDE2C4CC24DC3D2D009378C4 /* AboutView.swift in Sources */,
				CD399AD424AA766500232F90 /* RoomTempTableViewController.swift in Sources */,
				CD29972224A9D89900759EBA /* StepTimeTableViewController.swift in Sources */,
				CD399AD024AA3F1200232F90 /* IngredientDetailViewController.swift in Sources */,
				CDA7EE6524A67E9D00763E21 /* ScheduleForm.swift in Sources */,
				CD0A179424ADF095001CDF5F /* NeomorphicToggleStyle.swift in Sources */,
				CDA7EE2E24A67DBD00763E21 /* SceneDelegate.swift in Sources */,
				CDA1D80C24A782C700DDF709 /* StepDetailViewController.swift in Sources */,
				CD0A179224ADF036001CDF5F /* BackgroundGradient.swift in Sources */,
			);
			runOnlyForDeploymentPostprocessing = 0;
		};
		CDA7EE3A24A67DC200763E21 /* Sources */ = {
			isa = PBXSourcesBuildPhase;
			buildActionMask = 2147483647;
			files = (
				CDA7EE4324A67DC200763E21 /* Back_App_iOSUITests.swift in Sources */,
				CDB20D5E2544E6FD00311A06 /* CompactHomeTests.swift in Sources */,
				CD9B3CF4253CE6ED00132CA9 /* TestModels.swift in Sources */,
			);
			runOnlyForDeploymentPostprocessing = 0;
		};
/* End PBXSourcesBuildPhase section */

/* Begin PBXTargetDependency section */
		CD2BCE5924AE72CB00B868D7 /* PBXTargetDependency */ = {
			isa = PBXTargetDependency;
			target = CDA7EE2824A67DBD00763E21 /* Back App iOS */;
			targetProxy = CD2BCE5824AE72CB00B868D7 /* PBXContainerItemProxy */;
		};
		CD59041424E2CF4F008A0E6E /* PBXTargetDependency */ = {
			isa = PBXTargetDependency;
			target = CD59040624E2CF4F008A0E6E /* Push Notification */;
			targetProxy = CD59041324E2CF4F008A0E6E /* PBXContainerItemProxy */;
		};
		CDA7EE4024A67DC200763E21 /* PBXTargetDependency */ = {
			isa = PBXTargetDependency;
			target = CDA7EE2824A67DBD00763E21 /* Back App iOS */;
			targetProxy = CDA7EE3F24A67DC200763E21 /* PBXContainerItemProxy */;
		};
/* End PBXTargetDependency section */

/* Begin PBXVariantGroup section */
		CD59040F24E2CF4F008A0E6E /* MainInterface.storyboard */ = {
			isa = PBXVariantGroup;
			children = (
				CD59041024E2CF4F008A0E6E /* Base */,
			);
			name = MainInterface.storyboard;
			sourceTree = "<group>";
		};
		CD68D46524AC5CBB000D4BD7 /* InfoPlist.strings */ = {
			isa = PBXVariantGroup;
			children = (
				CD68D46424AC5CBB000D4BD7 /* de */,
				CD68D46624AC5CBD000D4BD7 /* en */,
			);
			name = InfoPlist.strings;
			sourceTree = "<group>";
		};
		CD9B3CE7253CE6D000132CA9 /* Localizable.strings */ = {
			isa = PBXVariantGroup;
			children = (
				CD9B3CE8253CE6D000132CA9 /* en */,
				CD9B3CF2253CE6D600132CA9 /* de */,
			);
			name = Localizable.strings;
			sourceTree = "<group>";
		};
/* End PBXVariantGroup section */

/* Begin XCBuildConfiguration section */
		CD2BCE5A24AE72CB00B868D7 /* Debug */ = {
			isa = XCBuildConfiguration;
			buildSettings = {
				BUNDLE_LOADER = "$(TEST_HOST)";
				CODE_SIGN_STYLE = Automatic;
				DEVELOPMENT_TEAM = 2WV4PNAXJT;
				INFOPLIST_FILE = "Back App iOSTests/Info.plist";
				IPHONEOS_DEPLOYMENT_TARGET = 13.5;
				LD_RUNPATH_SEARCH_PATHS = (
					"$(inherited)",
					"@executable_path/Frameworks",
					"@loader_path/Frameworks",
				);
				PRODUCT_BUNDLE_IDENTIFIER = "com.moritzschaub.Back-App-iOSTests";
				PRODUCT_NAME = "$(TARGET_NAME)";
				SWIFT_VERSION = 5.0;
				TARGETED_DEVICE_FAMILY = "1,2";
				TEST_HOST = "$(BUILT_PRODUCTS_DIR)/Back App.app/Back App";
			};
			name = Debug;
		};
		CD2BCE5B24AE72CB00B868D7 /* Release */ = {
			isa = XCBuildConfiguration;
			buildSettings = {
				BUNDLE_LOADER = "$(TEST_HOST)";
				CODE_SIGN_STYLE = Automatic;
				DEVELOPMENT_TEAM = 2WV4PNAXJT;
				INFOPLIST_FILE = "Back App iOSTests/Info.plist";
				IPHONEOS_DEPLOYMENT_TARGET = 13.5;
				LD_RUNPATH_SEARCH_PATHS = (
					"$(inherited)",
					"@executable_path/Frameworks",
					"@loader_path/Frameworks",
				);
				PRODUCT_BUNDLE_IDENTIFIER = "com.moritzschaub.Back-App-iOSTests";
				PRODUCT_NAME = "$(TARGET_NAME)";
				SWIFT_VERSION = 5.0;
				TARGETED_DEVICE_FAMILY = "1,2";
				TEST_HOST = "$(BUILT_PRODUCTS_DIR)/Back App.app/Back App";
			};
			name = Release;
		};
		CD59041724E2CF4F008A0E6E /* Debug */ = {
			isa = XCBuildConfiguration;
			buildSettings = {
				CODE_SIGN_STYLE = Automatic;
				DEVELOPMENT_TEAM = 2WV4PNAXJT;
				INFOPLIST_FILE = "Push Notification/Info.plist";
				IPHONEOS_DEPLOYMENT_TARGET = 13.6;
				LD_RUNPATH_SEARCH_PATHS = (
					"$(inherited)",
					"@executable_path/Frameworks",
					"@executable_path/../../Frameworks",
				);
				PRODUCT_BUNDLE_IDENTIFIER = "com.moritzschaub.Back-App-iOS.Push-Notification";
				PRODUCT_NAME = "$(TARGET_NAME)";
				SKIP_INSTALL = YES;
				SUPPORTS_MACCATALYST = NO;
				SWIFT_VERSION = 5.0;
				TARGETED_DEVICE_FAMILY = "1,2";
			};
			name = Debug;
		};
		CD59041824E2CF4F008A0E6E /* Release */ = {
			isa = XCBuildConfiguration;
			buildSettings = {
				CODE_SIGN_STYLE = Automatic;
				DEVELOPMENT_TEAM = 2WV4PNAXJT;
				INFOPLIST_FILE = "Push Notification/Info.plist";
				IPHONEOS_DEPLOYMENT_TARGET = 13.6;
				LD_RUNPATH_SEARCH_PATHS = (
					"$(inherited)",
					"@executable_path/Frameworks",
					"@executable_path/../../Frameworks",
				);
				PRODUCT_BUNDLE_IDENTIFIER = "com.moritzschaub.Back-App-iOS.Push-Notification";
				PRODUCT_NAME = "$(TARGET_NAME)";
				SKIP_INSTALL = YES;
				SUPPORTS_MACCATALYST = NO;
				SWIFT_VERSION = 5.0;
				TARGETED_DEVICE_FAMILY = "1,2";
			};
			name = Release;
		};
		CD6A9A1E2340252600748249 /* Debug */ = {
			isa = XCBuildConfiguration;
			buildSettings = {
				ALWAYS_SEARCH_USER_PATHS = NO;
				CLANG_ANALYZER_LOCALIZABILITY_NONLOCALIZED = YES;
				CLANG_ANALYZER_NONNULL = YES;
				CLANG_ANALYZER_NUMBER_OBJECT_CONVERSION = YES_AGGRESSIVE;
				CLANG_CXX_LANGUAGE_STANDARD = "gnu++14";
				CLANG_CXX_LIBRARY = "libc++";
				CLANG_ENABLE_MODULES = YES;
				CLANG_ENABLE_OBJC_ARC = YES;
				CLANG_ENABLE_OBJC_WEAK = YES;
				CLANG_WARN_BLOCK_CAPTURE_AUTORELEASING = YES;
				CLANG_WARN_BOOL_CONVERSION = YES;
				CLANG_WARN_COMMA = YES;
				CLANG_WARN_CONSTANT_CONVERSION = YES;
				CLANG_WARN_DEPRECATED_OBJC_IMPLEMENTATIONS = YES;
				CLANG_WARN_DIRECT_OBJC_ISA_USAGE = YES_ERROR;
				CLANG_WARN_DOCUMENTATION_COMMENTS = YES;
				CLANG_WARN_EMPTY_BODY = YES;
				CLANG_WARN_ENUM_CONVERSION = YES;
				CLANG_WARN_INFINITE_RECURSION = YES;
				CLANG_WARN_INT_CONVERSION = YES;
				CLANG_WARN_NON_LITERAL_NULL_CONVERSION = YES;
				CLANG_WARN_OBJC_IMPLICIT_RETAIN_SELF = YES;
				CLANG_WARN_OBJC_LITERAL_CONVERSION = YES;
				CLANG_WARN_OBJC_ROOT_CLASS = YES_ERROR;
				CLANG_WARN_QUOTED_INCLUDE_IN_FRAMEWORK_HEADER = YES;
				CLANG_WARN_RANGE_LOOP_ANALYSIS = YES;
				CLANG_WARN_STRICT_PROTOTYPES = YES;
				CLANG_WARN_SUSPICIOUS_MOVE = YES;
				CLANG_WARN_UNGUARDED_AVAILABILITY = YES_AGGRESSIVE;
				CLANG_WARN_UNREACHABLE_CODE = YES;
				CLANG_WARN__DUPLICATE_METHOD_MATCH = YES;
				COPY_PHASE_STRIP = NO;
				DEBUG_INFORMATION_FORMAT = dwarf;
				ENABLE_STRICT_OBJC_MSGSEND = YES;
				ENABLE_TESTABILITY = YES;
				GCC_C_LANGUAGE_STANDARD = gnu11;
				GCC_DYNAMIC_NO_PIC = NO;
				GCC_NO_COMMON_BLOCKS = YES;
				GCC_OPTIMIZATION_LEVEL = 0;
				GCC_PREPROCESSOR_DEFINITIONS = (
					"DEBUG=1",
					"$(inherited)",
				);
				GCC_WARN_64_TO_32_BIT_CONVERSION = YES;
				GCC_WARN_ABOUT_RETURN_TYPE = YES_ERROR;
				GCC_WARN_UNDECLARED_SELECTOR = YES;
				GCC_WARN_UNINITIALIZED_AUTOS = YES_AGGRESSIVE;
				GCC_WARN_UNUSED_FUNCTION = YES;
				GCC_WARN_UNUSED_VARIABLE = YES;
				IPHONEOS_DEPLOYMENT_TARGET = 13.5;
				MACOSX_DEPLOYMENT_TARGET = 10.15;
				MTL_ENABLE_DEBUG_INFO = INCLUDE_SOURCE;
				MTL_FAST_MATH = YES;
				ONLY_ACTIVE_ARCH = YES;
				SDKROOT = iphoneos;
				SWIFT_ACTIVE_COMPILATION_CONDITIONS = DEBUG;
				SWIFT_OPTIMIZATION_LEVEL = "-Onone";
			};
			name = Debug;
		};
		CD6A9A1F2340252600748249 /* Release */ = {
			isa = XCBuildConfiguration;
			buildSettings = {
				ALWAYS_SEARCH_USER_PATHS = NO;
				CLANG_ANALYZER_LOCALIZABILITY_NONLOCALIZED = YES;
				CLANG_ANALYZER_NONNULL = YES;
				CLANG_ANALYZER_NUMBER_OBJECT_CONVERSION = YES_AGGRESSIVE;
				CLANG_CXX_LANGUAGE_STANDARD = "gnu++14";
				CLANG_CXX_LIBRARY = "libc++";
				CLANG_ENABLE_MODULES = YES;
				CLANG_ENABLE_OBJC_ARC = YES;
				CLANG_ENABLE_OBJC_WEAK = YES;
				CLANG_WARN_BLOCK_CAPTURE_AUTORELEASING = YES;
				CLANG_WARN_BOOL_CONVERSION = YES;
				CLANG_WARN_COMMA = YES;
				CLANG_WARN_CONSTANT_CONVERSION = YES;
				CLANG_WARN_DEPRECATED_OBJC_IMPLEMENTATIONS = YES;
				CLANG_WARN_DIRECT_OBJC_ISA_USAGE = YES_ERROR;
				CLANG_WARN_DOCUMENTATION_COMMENTS = YES;
				CLANG_WARN_EMPTY_BODY = YES;
				CLANG_WARN_ENUM_CONVERSION = YES;
				CLANG_WARN_INFINITE_RECURSION = YES;
				CLANG_WARN_INT_CONVERSION = YES;
				CLANG_WARN_NON_LITERAL_NULL_CONVERSION = YES;
				CLANG_WARN_OBJC_IMPLICIT_RETAIN_SELF = YES;
				CLANG_WARN_OBJC_LITERAL_CONVERSION = YES;
				CLANG_WARN_OBJC_ROOT_CLASS = YES_ERROR;
				CLANG_WARN_QUOTED_INCLUDE_IN_FRAMEWORK_HEADER = YES;
				CLANG_WARN_RANGE_LOOP_ANALYSIS = YES;
				CLANG_WARN_STRICT_PROTOTYPES = YES;
				CLANG_WARN_SUSPICIOUS_MOVE = YES;
				CLANG_WARN_UNGUARDED_AVAILABILITY = YES_AGGRESSIVE;
				CLANG_WARN_UNREACHABLE_CODE = YES;
				CLANG_WARN__DUPLICATE_METHOD_MATCH = YES;
				COPY_PHASE_STRIP = NO;
				DEBUG_INFORMATION_FORMAT = "dwarf-with-dsym";
				ENABLE_NS_ASSERTIONS = NO;
				ENABLE_STRICT_OBJC_MSGSEND = YES;
				GCC_C_LANGUAGE_STANDARD = gnu11;
				GCC_NO_COMMON_BLOCKS = YES;
				GCC_WARN_64_TO_32_BIT_CONVERSION = YES;
				GCC_WARN_ABOUT_RETURN_TYPE = YES_ERROR;
				GCC_WARN_UNDECLARED_SELECTOR = YES;
				GCC_WARN_UNINITIALIZED_AUTOS = YES_AGGRESSIVE;
				GCC_WARN_UNUSED_FUNCTION = YES;
				GCC_WARN_UNUSED_VARIABLE = YES;
				IPHONEOS_DEPLOYMENT_TARGET = 13.5;
				MACOSX_DEPLOYMENT_TARGET = 10.15;
				MTL_ENABLE_DEBUG_INFO = NO;
				MTL_FAST_MATH = YES;
				SDKROOT = iphoneos;
				SWIFT_COMPILATION_MODE = wholemodule;
				SWIFT_OPTIMIZATION_LEVEL = "-O";
				VALIDATE_PRODUCT = YES;
			};
			name = Release;
		};
		CDA7EE4524A67DC200763E21 /* Debug */ = {
			isa = XCBuildConfiguration;
			buildSettings = {
				ALWAYS_EMBED_SWIFT_STANDARD_LIBRARIES = YES;
				ASSETCATALOG_COMPILER_APPICON_NAME = AppIcon;
				CODE_SIGN_ENTITLEMENTS = "Back App iOS/Back App.entitlements";
				CODE_SIGN_STYLE = Automatic;
				DEVELOPMENT_TEAM = 2WV4PNAXJT;
				INFOPLIST_FILE = "Back App iOS/Info.plist";
				IPHONEOS_DEPLOYMENT_TARGET = 13.5;
				LD_RUNPATH_SEARCH_PATHS = (
					"$(inherited)",
					"@executable_path/Frameworks",
				);
				PRODUCT_BUNDLE_IDENTIFIER = "com.moritzschaub.Back-App-iOS";
				PRODUCT_NAME = "Back App";
				SUPPORTS_MACCATALYST = YES;
				SWIFT_VERSION = 5.0;
				TARGETED_DEVICE_FAMILY = "1,2";
			};
			name = Debug;
		};
		CDA7EE4624A67DC200763E21 /* Release */ = {
			isa = XCBuildConfiguration;
			buildSettings = {
				ALWAYS_EMBED_SWIFT_STANDARD_LIBRARIES = YES;
				ASSETCATALOG_COMPILER_APPICON_NAME = AppIcon;
				CODE_SIGN_ENTITLEMENTS = "Back App iOS/Back App.entitlements";
				CODE_SIGN_STYLE = Automatic;
				DEVELOPMENT_TEAM = 2WV4PNAXJT;
				INFOPLIST_FILE = "Back App iOS/Info.plist";
				IPHONEOS_DEPLOYMENT_TARGET = 13.5;
				LD_RUNPATH_SEARCH_PATHS = (
					"$(inherited)",
					"@executable_path/Frameworks",
				);
				PRODUCT_BUNDLE_IDENTIFIER = "com.moritzschaub.Back-App-iOS";
				PRODUCT_NAME = "Back App";
				SUPPORTS_MACCATALYST = YES;
				SWIFT_VERSION = 5.0;
				TARGETED_DEVICE_FAMILY = "1,2";
			};
			name = Release;
		};
		CDA7EE4724A67DC200763E21 /* Debug */ = {
			isa = XCBuildConfiguration;
			buildSettings = {
				ALWAYS_EMBED_SWIFT_STANDARD_LIBRARIES = YES;
				CODE_SIGN_STYLE = Automatic;
				DEVELOPMENT_TEAM = 2WV4PNAXJT;
				INFOPLIST_FILE = "Back App iOSUITests/Info.plist";
				IPHONEOS_DEPLOYMENT_TARGET = 13.5;
				LD_RUNPATH_SEARCH_PATHS = (
					"$(inherited)",
					"@executable_path/Frameworks",
					"@loader_path/Frameworks",
				);
				PRODUCT_BUNDLE_IDENTIFIER = "com.moritzschaub.Back-App-iOSUITests";
				PRODUCT_NAME = "$(TARGET_NAME)";
				SWIFT_VERSION = 5.0;
				TARGETED_DEVICE_FAMILY = "1,2";
				TEST_TARGET_NAME = "Back App iOS";
			};
			name = Debug;
		};
		CDA7EE4824A67DC200763E21 /* Release */ = {
			isa = XCBuildConfiguration;
			buildSettings = {
				ALWAYS_EMBED_SWIFT_STANDARD_LIBRARIES = YES;
				CODE_SIGN_STYLE = Automatic;
				DEVELOPMENT_TEAM = 2WV4PNAXJT;
				INFOPLIST_FILE = "Back App iOSUITests/Info.plist";
				IPHONEOS_DEPLOYMENT_TARGET = 13.5;
				LD_RUNPATH_SEARCH_PATHS = (
					"$(inherited)",
					"@executable_path/Frameworks",
					"@loader_path/Frameworks",
				);
				PRODUCT_BUNDLE_IDENTIFIER = "com.moritzschaub.Back-App-iOSUITests";
				PRODUCT_NAME = "$(TARGET_NAME)";
				SWIFT_VERSION = 5.0;
				TARGETED_DEVICE_FAMILY = "1,2";
				TEST_TARGET_NAME = "Back App iOS";
			};
			name = Release;
		};
/* End XCBuildConfiguration section */

/* Begin XCConfigurationList section */
		CD2BCE5C24AE72CB00B868D7 /* Build configuration list for PBXNativeTarget "Back App iOSTests" */ = {
			isa = XCConfigurationList;
			buildConfigurations = (
				CD2BCE5A24AE72CB00B868D7 /* Debug */,
				CD2BCE5B24AE72CB00B868D7 /* Release */,
			);
			defaultConfigurationIsVisible = 0;
			defaultConfigurationName = Release;
		};
		CD59041924E2CF4F008A0E6E /* Build configuration list for PBXNativeTarget "Push Notification" */ = {
			isa = XCConfigurationList;
			buildConfigurations = (
				CD59041724E2CF4F008A0E6E /* Debug */,
				CD59041824E2CF4F008A0E6E /* Release */,
			);
			defaultConfigurationIsVisible = 0;
			defaultConfigurationName = Release;
		};
		CD6A9A072340252400748249 /* Build configuration list for PBXProject "BackApp" */ = {
			isa = XCConfigurationList;
			buildConfigurations = (
				CD6A9A1E2340252600748249 /* Debug */,
				CD6A9A1F2340252600748249 /* Release */,
			);
			defaultConfigurationIsVisible = 0;
			defaultConfigurationName = Release;
		};
		CDA7EE4924A67DC200763E21 /* Build configuration list for PBXNativeTarget "Back App iOS" */ = {
			isa = XCConfigurationList;
			buildConfigurations = (
				CDA7EE4524A67DC200763E21 /* Debug */,
				CDA7EE4624A67DC200763E21 /* Release */,
			);
			defaultConfigurationIsVisible = 0;
			defaultConfigurationName = Release;
		};
		CDA7EE4A24A67DC200763E21 /* Build configuration list for PBXNativeTarget "Back App iOSUITests" */ = {
			isa = XCConfigurationList;
			buildConfigurations = (
				CDA7EE4724A67DC200763E21 /* Debug */,
				CDA7EE4824A67DC200763E21 /* Release */,
			);
			defaultConfigurationIsVisible = 0;
			defaultConfigurationName = Release;
		};
/* End XCConfigurationList section */

/* Begin XCSwiftPackageProductDependency section */
		CD07B23D252A51580085A643 /* BakingRecipeUIFoundation */ = {
			isa = XCSwiftPackageProductDependency;
			productName = BakingRecipeUIFoundation;
		};
		CD07B24F252A589E0085A643 /* BakingRecipeSections */ = {
			isa = XCSwiftPackageProductDependency;
			productName = BakingRecipeSections;
		};
		CD07B255252A5AA40085A643 /* BakingRecipeItems */ = {
			isa = XCSwiftPackageProductDependency;
			productName = BakingRecipeItems;
		};
		CD129573252BB3CA00FD7E12 /* BakingRecipeCells */ = {
			isa = XCSwiftPackageProductDependency;
			productName = BakingRecipeCells;
		};
		CDC68C71252878A700B29334 /* BakingRecipeCore */ = {
			isa = XCSwiftPackageProductDependency;
			productName = BakingRecipeCore;
		};
/* End XCSwiftPackageProductDependency section */
	};
	rootObject = CD6A9A042340252400748249 /* Project object */;
}
