// !$*UTF8*$!
{
	archiveVersion = 1;
	classes = {
	};
	objectVersion = 54;
	objects = {

/* Begin PBXBuildFile section */
		8E5C074A2D2070A5002EED55 /* LICENSE.txt in Resources */ = {isa = PBXBuildFile; fileRef = 8E5C07492D2070A5002EED55 /* LICENSE.txt */; };
		8E5C074C2D207293002EED55 /* LicenseView.swift in Sources */ = {isa = PBXBuildFile; fileRef = 8E5C074B2D207293002EED55 /* LicenseView.swift */; };
		8E5F3F132CB42C5A00C74344 /* CompactHomeTests.swift in Sources */ = {isa = PBXBuildFile; fileRef = CDB20D5D2544E6FD00311A06 /* CompactHomeTests.swift */; };
		8E5F3F1A2CB4334A00C74344 /* EditRecipeViewTest.swift in Sources */ = {isa = PBXBuildFile; fileRef = 8E5F3F182CB4334A00C74344 /* EditRecipeViewTest.swift */; };
		8E5F3F1C2CB54A8200C74344 /* RecipeDetailViewTest.swift in Sources */ = {isa = PBXBuildFile; fileRef = 8E5F3F1B2CB54A8200C74344 /* RecipeDetailViewTest.swift */; };
		CD20880C28F32D8600127961 /* Coordinator.swift in Sources */ = {isa = PBXBuildFile; fileRef = CD20880B28F32D8600127961 /* Coordinator.swift */; };
		CD20880E28F32E6A00127961 /* RecipeListCoordinator.swift in Sources */ = {isa = PBXBuildFile; fileRef = CD20880D28F32E6A00127961 /* RecipeListCoordinator.swift */; };
		CD20881428F330D300127961 /* BackAppCoordinator.swift in Sources */ = {isa = PBXBuildFile; fileRef = CD20881328F330D300127961 /* BackAppCoordinator.swift */; };
		CD232E4926740CD500E528BB /* SwitchCell.swift in Sources */ = {isa = PBXBuildFile; fileRef = CD232E3726740CD400E528BB /* SwitchCell.swift */; };
		CD232E4A26740CD500E528BB /* RecipeCell.swift in Sources */ = {isa = PBXBuildFile; fileRef = CD232E3826740CD400E528BB /* RecipeCell.swift */; };
		CD232E4B26740CD500E528BB /* ImageCell.swift in Sources */ = {isa = PBXBuildFile; fileRef = CD232E3926740CD400E528BB /* ImageCell.swift */; };
		CD232E4C26740CD500E528BB /* DetailCell.swift in Sources */ = {isa = PBXBuildFile; fileRef = CD232E3A26740CD400E528BB /* DetailCell.swift */; };
		CD232E4D26740CD500E528BB /* AmountCell.swift in Sources */ = {isa = PBXBuildFile; fileRef = CD232E3B26740CD500E528BB /* AmountCell.swift */; };
		CD232E4E26740CD500E528BB /* DecimalCell.swift in Sources */ = {isa = PBXBuildFile; fileRef = CD232E3C26740CD500E528BB /* DecimalCell.swift */; };
		CD232E4F26740CD500E528BB /* TextViewCell.swift in Sources */ = {isa = PBXBuildFile; fileRef = CD232E3D26740CD500E528BB /* TextViewCell.swift */; };
		CD232E5026740CD500E528BB /* TextFieldCell.swift in Sources */ = {isa = PBXBuildFile; fileRef = CD232E3E26740CD500E528BB /* TextFieldCell.swift */; };
		CD232E5126740CD500E528BB /* IngredientRow.swift in Sources */ = {isa = PBXBuildFile; fileRef = CD232E3F26740CD500E528BB /* IngredientRow.swift */; };
		CD232E5226740CD500E528BB /* CustomCell.swift in Sources */ = {isa = PBXBuildFile; fileRef = CD232E4026740CD500E528BB /* CustomCell.swift */; };
		CD232E5326740CD500E528BB /* StepCell.swift in Sources */ = {isa = PBXBuildFile; fileRef = CD232E4126740CD500E528BB /* StepCell.swift */; };
		CD232E5426740CD500E528BB /* TimePickerCell.swift in Sources */ = {isa = PBXBuildFile; fileRef = CD232E4226740CD500E528BB /* TimePickerCell.swift */; };
		CD232E5526740CD500E528BB /* KneadingHeatingCell.swift in Sources */ = {isa = PBXBuildFile; fileRef = CD232E4326740CD500E528BB /* KneadingHeatingCell.swift */; };
		CD232E5626740CD500E528BB /* SubtitleCell.swift in Sources */ = {isa = PBXBuildFile; fileRef = CD232E4426740CD500E528BB /* SubtitleCell.swift */; };
		CD232E5726740CD500E528BB /* TempPickerCell.swift in Sources */ = {isa = PBXBuildFile; fileRef = CD232E4526740CD500E528BB /* TempPickerCell.swift */; };
		CD232E5826740CD500E528BB /* InfoStripCell.swift in Sources */ = {isa = PBXBuildFile; fileRef = CD232E4626740CD500E528BB /* InfoStripCell.swift */; };
		CD232E5926740CD500E528BB /* StepRow.swift in Sources */ = {isa = PBXBuildFile; fileRef = CD232E4726740CD500E528BB /* StepRow.swift */; };
		CD232E5A26740CD500E528BB /* DatePickerCell.swift in Sources */ = {isa = PBXBuildFile; fileRef = CD232E4826740CD500E528BB /* DatePickerCell.swift */; };
		CD232E6226740D7100E528BB /* BakingRecipeUIFoundation in Frameworks */ = {isa = PBXBuildFile; productRef = CD232E6126740D7100E528BB /* BakingRecipeUIFoundation */; };
		CD285EA7259E1D5C00834C21 /* SettingsViewController.swift in Sources */ = {isa = PBXBuildFile; fileRef = CD285EA6259E1D5C00834C21 /* SettingsViewController.swift */; };
		CD29972324A9E53300759EBA /* bread.png in Resources */ = {isa = PBXBuildFile; fileRef = CD75BFC824629961005C902A /* bread.png */; };
		CD2BCE5624AE72CB00B868D7 /* Back_App_iOSTests.swift in Sources */ = {isa = PBXBuildFile; fileRef = CD2BCE5524AE72CB00B868D7 /* Back_App_iOSTests.swift */; };
		CD399AD024AA3F1200232F90 /* IngredientDetailViewController.swift in Sources */ = {isa = PBXBuildFile; fileRef = CD399ACF24AA3F1200232F90 /* IngredientDetailViewController.swift */; };
		CD4224BA26724ED600BFCC5A /* RoomTempPickerSheet.swift in Sources */ = {isa = PBXBuildFile; fileRef = CD4224B926724ED600BFCC5A /* RoomTempPickerSheet.swift */; };
		CD48482128E33F1600714468 /* BASplitViewController.swift in Sources */ = {isa = PBXBuildFile; fileRef = CD48482028E33F1600714468 /* BASplitViewController.swift */; };
		CD663F6824E2A0FE008F9A09 /* EditRecipeDataSource.swift in Sources */ = {isa = PBXBuildFile; fileRef = CD663F6724E2A0FE008F9A09 /* EditRecipeDataSource.swift */; };
		CD663F6C24E2A20B008F9A09 /* RecipeListDataSource.swift in Sources */ = {isa = PBXBuildFile; fileRef = CD663F6B24E2A20B008F9A09 /* RecipeListDataSource.swift */; };
		CD6729C126FD1F5E007C17E3 /* CombineCocoa in Frameworks */ = {isa = PBXBuildFile; productRef = CD6729C026FD1F5E007C17E3 /* CombineCocoa */; };
		CD68D46324AC5CBB000D4BD7 /* InfoPlist.strings in Resources */ = {isa = PBXBuildFile; fileRef = CD68D46524AC5CBB000D4BD7 /* InfoPlist.strings */; };
		CD6F748B2691D1C800BCFC3E /* 2de.bakingAppRecipe in Resources */ = {isa = PBXBuildFile; fileRef = CD6F748A2691D1C800BCFC3E /* 2de.bakingAppRecipe */; };
		CD6F748D2691D1D800BCFC3E /* 3de.bakingAppRecipe in Resources */ = {isa = PBXBuildFile; fileRef = CD6F748C2691D1D800BCFC3E /* 3de.bakingAppRecipe */; };
		CD6F748F2691EE6100BCFC3E /* 1de.bakingAppRecipe in Resources */ = {isa = PBXBuildFile; fileRef = CD6F748E2691EE6100BCFC3E /* 1de.bakingAppRecipe */; };
		CD6FD71126921D0800ACDE85 /* RecipeDetailViewController.swift in Sources */ = {isa = PBXBuildFile; fileRef = CD6FD71026921D0800ACDE85 /* RecipeDetailViewController.swift */; };
		CD75653326D571190049B574 /* SubstepRow.swift in Sources */ = {isa = PBXBuildFile; fileRef = CD75653226D571190049B574 /* SubstepRow.swift */; };
		CD78EAAE250FE66C00E17DB0 /* ScheduleViewController.swift in Sources */ = {isa = PBXBuildFile; fileRef = CD78EAAD250FE66C00E17DB0 /* ScheduleViewController.swift */; };
		CD7B541828C8F644001F25EC /* BackAppVC.swift in Sources */ = {isa = PBXBuildFile; fileRef = CD7B541728C8F644001F25EC /* BackAppVC.swift */; };
		CD87201726DBA74700C01DAE /* 2en.bakingAppRecipe in Resources */ = {isa = PBXBuildFile; fileRef = CD87201426DBA74600C01DAE /* 2en.bakingAppRecipe */; };
		CD87201826DBA74700C01DAE /* 1en.bakingAppRecipe in Resources */ = {isa = PBXBuildFile; fileRef = CD87201526DBA74700C01DAE /* 1en.bakingAppRecipe */; };
		CD87201926DBA74700C01DAE /* 3en.bakingAppRecipe in Resources */ = {isa = PBXBuildFile; fileRef = CD87201626DBA74700C01DAE /* 3en.bakingAppRecipe */; };
		CD87B1F926FF913D00DAC6B6 /* Launch Screen.storyboard in Resources */ = {isa = PBXBuildFile; fileRef = CD87B1FB26FF913D00DAC6B6 /* Launch Screen.storyboard */; };
		CD9B3CE9253CE6D000132CA9 /* Localizable.strings in Resources */ = {isa = PBXBuildFile; fileRef = CD9B3CE7253CE6D000132CA9 /* Localizable.strings */; };
		CD9B3CF4253CE6ED00132CA9 /* TestModels.swift in Sources */ = {isa = PBXBuildFile; fileRef = CD9B3CF3253CE6ED00132CA9 /* TestModels.swift */; };
		CDA1D80C24A782C700DDF709 /* StepDetailViewController.swift in Sources */ = {isa = PBXBuildFile; fileRef = CDA1D80B24A782C700DDF709 /* StepDetailViewController.swift */; };
		CDA7EE2C24A67DBD00763E21 /* AppDelegate.swift in Sources */ = {isa = PBXBuildFile; fileRef = CDA7EE2B24A67DBD00763E21 /* AppDelegate.swift */; };
		CDA7EE2E24A67DBD00763E21 /* SceneDelegate.swift in Sources */ = {isa = PBXBuildFile; fileRef = CDA7EE2D24A67DBD00763E21 /* SceneDelegate.swift */; };
		CDA7EE3024A67DBD00763E21 /* RecipeListViewController.swift in Sources */ = {isa = PBXBuildFile; fileRef = CDA7EE2F24A67DBD00763E21 /* RecipeListViewController.swift */; };
		CDA7EE4324A67DC200763E21 /* Back_App_iOSUITests.swift in Sources */ = {isa = PBXBuildFile; fileRef = CDA7EE4224A67DC200763E21 /* Back_App_iOSUITests.swift */; };
		CDA7EE5824A67E7000763E21 /* Images.xcassets in Resources */ = {isa = PBXBuildFile; fileRef = CD6A9A152340252600748249 /* Images.xcassets */; };
		CDA7EE7424A67EF200763E21 /* PrivacyPolicy.txt in Resources */ = {isa = PBXBuildFile; fileRef = CDB5EE4E246BDF6900E35376 /* PrivacyPolicy.txt */; };
		CDA806FC250400BE008E0EC0 /* ScheduleFormViewController.swift in Sources */ = {isa = PBXBuildFile; fileRef = CDA806FB250400BE008E0EC0 /* ScheduleFormViewController.swift */; };
		CDB916B228F85F4E0014F447 /* RecipeListVC+NavigationBar.swift in Sources */ = {isa = PBXBuildFile; fileRef = CDB916B128F85F4E0014F447 /* RecipeListVC+NavigationBar.swift */; };
		CDB916B428F865C70014F447 /* RecipeListVC+CellSelection.swift in Sources */ = {isa = PBXBuildFile; fileRef = CDB916B328F865C70014F447 /* RecipeListVC+CellSelection.swift */; };
		CDB916B628F8733A0014F447 /* RecipeListViewDelegate.swift in Sources */ = {isa = PBXBuildFile; fileRef = CDB916B528F8733A0014F447 /* RecipeListViewDelegate.swift */; };
		CDB916B828F8774C0014F447 /* RecipeListVC+ContextMenu.swift in Sources */ = {isa = PBXBuildFile; fileRef = CDB916B728F8774C0014F447 /* RecipeListVC+ContextMenu.swift */; };
		CDB916C228F87A670014F447 /* RecipeListCoordinatorDelegate.swift in Sources */ = {isa = PBXBuildFile; fileRef = CDB916C128F87A670014F447 /* RecipeListCoordinatorDelegate.swift */; };
		CDB916C428F87AB90014F447 /* RecipeListCoordinator+navigate.swift in Sources */ = {isa = PBXBuildFile; fileRef = CDB916C328F87AB90014F447 /* RecipeListCoordinator+navigate.swift */; };
		CDB916C628F87B130014F447 /* RecipeListCoordinator+present.swift in Sources */ = {isa = PBXBuildFile; fileRef = CDB916C528F87B130014F447 /* RecipeListCoordinator+present.swift */; };
		CDBDCF9B24A553A300121F98 /* EditRecipeViewController.swift in Sources */ = {isa = PBXBuildFile; fileRef = CDBDCF9A24A553A300121F98 /* EditRecipeViewController.swift */; };
		CDD4F15D271B1E9E004E6840 /* CellTests.swift in Sources */ = {isa = PBXBuildFile; fileRef = CDD4F15C271B1E9D004E6840 /* CellTests.swift */; };
		CDE2C4CC24DC3D2D009378C4 /* AboutView.swift in Sources */ = {isa = PBXBuildFile; fileRef = CDE2C4CB24DC3D2D009378C4 /* AboutView.swift */; };
		CDE2C4CE24DC3EC0009378C4 /* AppIcon.xcassets in Resources */ = {isa = PBXBuildFile; fileRef = CDE2C4CD24DC3EC0009378C4 /* AppIcon.xcassets */; };
		CDE3731C26DD670F008C7B95 /* UITextView+Placeholder.m in Sources */ = {isa = PBXBuildFile; fileRef = CDE3731A26DD670F008C7B95 /* UITextView+Placeholder.m */; };
		CDE7BF7D27065BD1006A9970 /* RecipeListVCTests.swift in Sources */ = {isa = PBXBuildFile; fileRef = CDE7BF7C27065BD1006A9970 /* RecipeListVCTests.swift */; };
/* End PBXBuildFile section */

/* Begin PBXContainerItemProxy section */
		CD2BCE5824AE72CB00B868D7 /* PBXContainerItemProxy */ = {
			isa = PBXContainerItemProxy;
			containerPortal = CD6A9A042340252400748249 /* Project object */;
			proxyType = 1;
			remoteGlobalIDString = CDA7EE2824A67DBD00763E21;
			remoteInfo = "Back App iOS";
		};
		CDA7EE3F24A67DC200763E21 /* PBXContainerItemProxy */ = {
			isa = PBXContainerItemProxy;
			containerPortal = CD6A9A042340252400748249 /* Project object */;
			proxyType = 1;
			remoteGlobalIDString = CDA7EE2824A67DBD00763E21;
			remoteInfo = "Back App iOS";
		};
/* End PBXContainerItemProxy section */

/* Begin PBXCopyFilesBuildPhase section */
		CD59041624E2CF4F008A0E6E /* Embed Foundation Extensions */ = {
			isa = PBXCopyFilesBuildPhase;
			buildActionMask = 12;
			dstPath = "";
			dstSubfolderSpec = 13;
			files = (
			);
			name = "Embed Foundation Extensions";
			runOnlyForDeploymentPostprocessing = 0;
		};
		CD68D46824AC64D2000D4BD7 /* CopyFiles */ = {
			isa = PBXCopyFilesBuildPhase;
			buildActionMask = 8;
			dstPath = "";
			dstSubfolderSpec = 7;
			files = (
			);
			runOnlyForDeploymentPostprocessing = 1;
		};
/* End PBXCopyFilesBuildPhase section */

/* Begin PBXFileReference section */
		8E5A9A032DE3ACEB00A9B87B /* import-certificate.sh */ = {isa = PBXFileReference; lastKnownFileType = text.script.sh; path = "import-certificate.sh"; sourceTree = "<group>"; };
		8E5A9A042DE3ACEB00A9B87B /* import-profile.sh */ = {isa = PBXFileReference; lastKnownFileType = text.script.sh; path = "import-profile.sh"; sourceTree = "<group>"; };
		8E5A9A052DE3ACEB00A9B87B /* set-env-from-xcodeproj.sh */ = {isa = PBXFileReference; lastKnownFileType = text.script.sh; path = "set-env-from-xcodeproj.sh"; sourceTree = "<group>"; };
		8E5A9A072DE3ACEB00A9B87B /* deploy-ios.yml */ = {isa = PBXFileReference; lastKnownFileType = text.yaml; path = "deploy-ios.yml"; sourceTree = "<group>"; };
		8E5A9A0B2DE3CDDD00A9B87B /* exportOptions.plist */ = {isa = PBXFileReference; lastKnownFileType = text.plist.xml; path = exportOptions.plist; sourceTree = "<group>"; };
		8E5C07492D2070A5002EED55 /* LICENSE.txt */ = {isa = PBXFileReference; lastKnownFileType = text; path = LICENSE.txt; sourceTree = "<group>"; };
		8E5C074B2D207293002EED55 /* LicenseView.swift */ = {isa = PBXFileReference; lastKnownFileType = sourcecode.swift; path = LicenseView.swift; sourceTree = "<group>"; };
		8E5C074D2D20A3DF002EED55 /* README.md */ = {isa = PBXFileReference; lastKnownFileType = net.daringfireball.markdown; path = README.md; sourceTree = "<group>"; };
		8E5C074E2D20A63F002EED55 /* download_on_the_app_store.svg */ = {isa = PBXFileReference; lastKnownFileType = text; path = download_on_the_app_store.svg; sourceTree = "<group>"; };
		8E5F3F182CB4334A00C74344 /* EditRecipeViewTest.swift */ = {isa = PBXFileReference; lastKnownFileType = sourcecode.swift; path = EditRecipeViewTest.swift; sourceTree = "<group>"; };
		8E5F3F1B2CB54A8200C74344 /* RecipeDetailViewTest.swift */ = {isa = PBXFileReference; lastKnownFileType = sourcecode.swift; path = RecipeDetailViewTest.swift; sourceTree = "<group>"; };
		CD1B6A182483F7FF00597931 /* Default-568h@2x.png */ = {isa = PBXFileReference; lastKnownFileType = image.png; path = "Default-568h@2x.png"; sourceTree = "<group>"; };
		CD20880B28F32D8600127961 /* Coordinator.swift */ = {isa = PBXFileReference; lastKnownFileType = sourcecode.swift; path = Coordinator.swift; sourceTree = "<group>"; };
		CD20880D28F32E6A00127961 /* RecipeListCoordinator.swift */ = {isa = PBXFileReference; lastKnownFileType = sourcecode.swift; path = RecipeListCoordinator.swift; sourceTree = "<group>"; };
		CD20881328F330D300127961 /* BackAppCoordinator.swift */ = {isa = PBXFileReference; lastKnownFileType = sourcecode.swift; path = BackAppCoordinator.swift; sourceTree = "<group>"; };
		CD232E3726740CD400E528BB /* SwitchCell.swift */ = {isa = PBXFileReference; fileEncoding = 4; lastKnownFileType = sourcecode.swift; path = SwitchCell.swift; sourceTree = "<group>"; };
		CD232E3826740CD400E528BB /* RecipeCell.swift */ = {isa = PBXFileReference; fileEncoding = 4; lastKnownFileType = sourcecode.swift; path = RecipeCell.swift; sourceTree = "<group>"; };
		CD232E3926740CD400E528BB /* ImageCell.swift */ = {isa = PBXFileReference; fileEncoding = 4; lastKnownFileType = sourcecode.swift; path = ImageCell.swift; sourceTree = "<group>"; };
		CD232E3A26740CD400E528BB /* DetailCell.swift */ = {isa = PBXFileReference; fileEncoding = 4; lastKnownFileType = sourcecode.swift; path = DetailCell.swift; sourceTree = "<group>"; };
		CD232E3B26740CD500E528BB /* AmountCell.swift */ = {isa = PBXFileReference; fileEncoding = 4; lastKnownFileType = sourcecode.swift; path = AmountCell.swift; sourceTree = "<group>"; };
		CD232E3C26740CD500E528BB /* DecimalCell.swift */ = {isa = PBXFileReference; fileEncoding = 4; lastKnownFileType = sourcecode.swift; path = DecimalCell.swift; sourceTree = "<group>"; };
		CD232E3D26740CD500E528BB /* TextViewCell.swift */ = {isa = PBXFileReference; fileEncoding = 4; lastKnownFileType = sourcecode.swift; path = TextViewCell.swift; sourceTree = "<group>"; };
		CD232E3E26740CD500E528BB /* TextFieldCell.swift */ = {isa = PBXFileReference; fileEncoding = 4; lastKnownFileType = sourcecode.swift; path = TextFieldCell.swift; sourceTree = "<group>"; };
		CD232E3F26740CD500E528BB /* IngredientRow.swift */ = {isa = PBXFileReference; fileEncoding = 4; lastKnownFileType = sourcecode.swift; path = IngredientRow.swift; sourceTree = "<group>"; };
		CD232E4026740CD500E528BB /* CustomCell.swift */ = {isa = PBXFileReference; fileEncoding = 4; lastKnownFileType = sourcecode.swift; path = CustomCell.swift; sourceTree = "<group>"; };
		CD232E4126740CD500E528BB /* StepCell.swift */ = {isa = PBXFileReference; fileEncoding = 4; lastKnownFileType = sourcecode.swift; path = StepCell.swift; sourceTree = "<group>"; };
		CD232E4226740CD500E528BB /* TimePickerCell.swift */ = {isa = PBXFileReference; fileEncoding = 4; lastKnownFileType = sourcecode.swift; path = TimePickerCell.swift; sourceTree = "<group>"; };
		CD232E4326740CD500E528BB /* KneadingHeatingCell.swift */ = {isa = PBXFileReference; fileEncoding = 4; lastKnownFileType = sourcecode.swift; path = KneadingHeatingCell.swift; sourceTree = "<group>"; };
		CD232E4426740CD500E528BB /* SubtitleCell.swift */ = {isa = PBXFileReference; fileEncoding = 4; lastKnownFileType = sourcecode.swift; path = SubtitleCell.swift; sourceTree = "<group>"; };
		CD232E4526740CD500E528BB /* TempPickerCell.swift */ = {isa = PBXFileReference; fileEncoding = 4; lastKnownFileType = sourcecode.swift; path = TempPickerCell.swift; sourceTree = "<group>"; };
		CD232E4626740CD500E528BB /* InfoStripCell.swift */ = {isa = PBXFileReference; fileEncoding = 4; lastKnownFileType = sourcecode.swift; path = InfoStripCell.swift; sourceTree = "<group>"; };
		CD232E4726740CD500E528BB /* StepRow.swift */ = {isa = PBXFileReference; fileEncoding = 4; lastKnownFileType = sourcecode.swift; path = StepRow.swift; sourceTree = "<group>"; };
		CD232E4826740CD500E528BB /* DatePickerCell.swift */ = {isa = PBXFileReference; fileEncoding = 4; lastKnownFileType = sourcecode.swift; path = DatePickerCell.swift; sourceTree = "<group>"; };
		CD285D47258E474000813A4C /* BakingRecipeUIFoundation */ = {isa = PBXFileReference; lastKnownFileType = folder; path = BakingRecipeUIFoundation; sourceTree = "<group>"; };
		CD285EA6259E1D5C00834C21 /* SettingsViewController.swift */ = {isa = PBXFileReference; lastKnownFileType = sourcecode.swift; path = SettingsViewController.swift; sourceTree = "<group>"; };
		CD2BCE5324AE72CB00B868D7 /* Back App iOSTests.xctest */ = {isa = PBXFileReference; explicitFileType = wrapper.cfbundle; includeInIndex = 0; path = "Back App iOSTests.xctest"; sourceTree = BUILT_PRODUCTS_DIR; };
		CD2BCE5524AE72CB00B868D7 /* Back_App_iOSTests.swift */ = {isa = PBXFileReference; lastKnownFileType = sourcecode.swift; path = Back_App_iOSTests.swift; sourceTree = "<group>"; };
		CD2BCE5724AE72CB00B868D7 /* Info.plist */ = {isa = PBXFileReference; lastKnownFileType = text.plist.xml; path = Info.plist; sourceTree = "<group>"; };
		CD399ACF24AA3F1200232F90 /* IngredientDetailViewController.swift */ = {isa = PBXFileReference; lastKnownFileType = sourcecode.swift; path = IngredientDetailViewController.swift; sourceTree = "<group>"; };
		CD4224B926724ED600BFCC5A /* RoomTempPickerSheet.swift */ = {isa = PBXFileReference; lastKnownFileType = sourcecode.swift; path = RoomTempPickerSheet.swift; sourceTree = "<group>"; };
		CD48482028E33F1600714468 /* BASplitViewController.swift */ = {isa = PBXFileReference; lastKnownFileType = sourcecode.swift; path = BASplitViewController.swift; sourceTree = "<group>"; };
		CD59040824E2CF4F008A0E6E /* UserNotifications.framework */ = {isa = PBXFileReference; lastKnownFileType = wrapper.framework; name = UserNotifications.framework; path = System/Library/Frameworks/UserNotifications.framework; sourceTree = SDKROOT; };
		CD59040A24E2CF4F008A0E6E /* UserNotificationsUI.framework */ = {isa = PBXFileReference; lastKnownFileType = wrapper.framework; name = UserNotificationsUI.framework; path = System/Library/Frameworks/UserNotificationsUI.framework; sourceTree = SDKROOT; };
		CD663F6724E2A0FE008F9A09 /* EditRecipeDataSource.swift */ = {isa = PBXFileReference; lastKnownFileType = sourcecode.swift; path = EditRecipeDataSource.swift; sourceTree = "<group>"; };
		CD663F6B24E2A20B008F9A09 /* RecipeListDataSource.swift */ = {isa = PBXFileReference; lastKnownFileType = sourcecode.swift; path = RecipeListDataSource.swift; sourceTree = "<group>"; };
		CD68D46424AC5CBB000D4BD7 /* de */ = {isa = PBXFileReference; lastKnownFileType = text.plist.strings; name = de; path = de.lproj/InfoPlist.strings; sourceTree = "<group>"; };
		CD68D46624AC5CBD000D4BD7 /* en */ = {isa = PBXFileReference; lastKnownFileType = text.plist.strings; name = en; path = en.lproj/InfoPlist.strings; sourceTree = "<group>"; };
		CD6A9A152340252600748249 /* Images.xcassets */ = {isa = PBXFileReference; lastKnownFileType = folder.assetcatalog; path = Images.xcassets; sourceTree = "<group>"; };
		CD6F748A2691D1C800BCFC3E /* 2de.bakingAppRecipe */ = {isa = PBXFileReference; fileEncoding = 4; lastKnownFileType = text; path = 2de.bakingAppRecipe; sourceTree = "<group>"; };
		CD6F748C2691D1D800BCFC3E /* 3de.bakingAppRecipe */ = {isa = PBXFileReference; fileEncoding = 4; lastKnownFileType = text; path = 3de.bakingAppRecipe; sourceTree = "<group>"; };
		CD6F748E2691EE6100BCFC3E /* 1de.bakingAppRecipe */ = {isa = PBXFileReference; fileEncoding = 4; lastKnownFileType = text; path = 1de.bakingAppRecipe; sourceTree = "<group>"; };
		CD6FD71026921D0800ACDE85 /* RecipeDetailViewController.swift */ = {isa = PBXFileReference; lastKnownFileType = sourcecode.swift; path = RecipeDetailViewController.swift; sourceTree = "<group>"; };
		CD75653226D571190049B574 /* SubstepRow.swift */ = {isa = PBXFileReference; lastKnownFileType = sourcecode.swift; path = SubstepRow.swift; sourceTree = "<group>"; };
		CD75BFC824629961005C902A /* bread.png */ = {isa = PBXFileReference; lastKnownFileType = image.png; path = bread.png; sourceTree = "<group>"; };
		CD7691BB24EEAB6600BAB383 /* Back App.entitlements */ = {isa = PBXFileReference; lastKnownFileType = text.plist.entitlements; path = "Back App.entitlements"; sourceTree = "<group>"; };
		CD78EAAD250FE66C00E17DB0 /* ScheduleViewController.swift */ = {isa = PBXFileReference; lastKnownFileType = sourcecode.swift; path = ScheduleViewController.swift; sourceTree = "<group>"; };
		CD7B541728C8F644001F25EC /* BackAppVC.swift */ = {isa = PBXFileReference; lastKnownFileType = sourcecode.swift; path = BackAppVC.swift; sourceTree = "<group>"; };
		CD87201426DBA74600C01DAE /* 2en.bakingAppRecipe */ = {isa = PBXFileReference; fileEncoding = 4; lastKnownFileType = text; path = 2en.bakingAppRecipe; sourceTree = "<group>"; };
		CD87201526DBA74700C01DAE /* 1en.bakingAppRecipe */ = {isa = PBXFileReference; fileEncoding = 4; lastKnownFileType = text; path = 1en.bakingAppRecipe; sourceTree = "<group>"; };
		CD87201626DBA74700C01DAE /* 3en.bakingAppRecipe */ = {isa = PBXFileReference; fileEncoding = 4; lastKnownFileType = text; path = 3en.bakingAppRecipe; sourceTree = "<group>"; };
		CD87B1FA26FF913D00DAC6B6 /* Base */ = {isa = PBXFileReference; lastKnownFileType = file.storyboard; name = Base; path = "Base.lproj/Launch Screen.storyboard"; sourceTree = "<group>"; };
		CD87B1FD26FF914300DAC6B6 /* de */ = {isa = PBXFileReference; lastKnownFileType = text.plist.strings; name = de; path = "de.lproj/Launch Screen.strings"; sourceTree = "<group>"; };
		CD8A742F258E3A9D0039C1BF /* BakingRecipeStrings */ = {isa = PBXFileReference; lastKnownFileType = folder; path = BakingRecipeStrings; sourceTree = "<group>"; };
		CD8E3FE0258E388600E86F0F /* BakingRecipeFoundation */ = {isa = PBXFileReference; lastKnownFileType = folder; path = BakingRecipeFoundation; sourceTree = "<group>"; };
		CD9129D326FF91750040061C /* en */ = {isa = PBXFileReference; lastKnownFileType = text.plist.strings; name = en; path = "en.lproj/Launch Screen.strings"; sourceTree = "<group>"; };
		CD9B3CE8253CE6D000132CA9 /* en */ = {isa = PBXFileReference; lastKnownFileType = text.plist.strings; name = en; path = en.lproj/Localizable.strings; sourceTree = "<group>"; };
		CD9B3CF2253CE6D600132CA9 /* de */ = {isa = PBXFileReference; lastKnownFileType = text.plist.strings; name = de; path = de.lproj/Localizable.strings; sourceTree = "<group>"; };
		CD9B3CF3253CE6ED00132CA9 /* TestModels.swift */ = {isa = PBXFileReference; fileEncoding = 4; lastKnownFileType = sourcecode.swift; path = TestModels.swift; sourceTree = "<group>"; };
		CDA1D80B24A782C700DDF709 /* StepDetailViewController.swift */ = {isa = PBXFileReference; lastKnownFileType = sourcecode.swift; path = StepDetailViewController.swift; sourceTree = "<group>"; };
		CDA7EE2924A67DBD00763E21 /* Back App.app */ = {isa = PBXFileReference; explicitFileType = wrapper.application; includeInIndex = 0; path = "Back App.app"; sourceTree = BUILT_PRODUCTS_DIR; };
		CDA7EE2B24A67DBD00763E21 /* AppDelegate.swift */ = {isa = PBXFileReference; lastKnownFileType = sourcecode.swift; path = AppDelegate.swift; sourceTree = "<group>"; };
		CDA7EE2D24A67DBD00763E21 /* SceneDelegate.swift */ = {isa = PBXFileReference; lastKnownFileType = sourcecode.swift; path = SceneDelegate.swift; sourceTree = "<group>"; };
		CDA7EE2F24A67DBD00763E21 /* RecipeListViewController.swift */ = {isa = PBXFileReference; lastKnownFileType = sourcecode.swift; path = RecipeListViewController.swift; sourceTree = "<group>"; };
		CDA7EE3924A67DC200763E21 /* Info.plist */ = {isa = PBXFileReference; lastKnownFileType = text.plist.xml; path = Info.plist; sourceTree = "<group>"; };
		CDA7EE3E24A67DC200763E21 /* Back App iOSUITests.xctest */ = {isa = PBXFileReference; explicitFileType = wrapper.cfbundle; includeInIndex = 0; path = "Back App iOSUITests.xctest"; sourceTree = BUILT_PRODUCTS_DIR; };
		CDA7EE4224A67DC200763E21 /* Back_App_iOSUITests.swift */ = {isa = PBXFileReference; lastKnownFileType = sourcecode.swift; path = Back_App_iOSUITests.swift; sourceTree = "<group>"; };
		CDA7EE4424A67DC200763E21 /* Info.plist */ = {isa = PBXFileReference; lastKnownFileType = text.plist.xml; path = Info.plist; sourceTree = "<group>"; };
		CDA806FB250400BE008E0EC0 /* ScheduleFormViewController.swift */ = {isa = PBXFileReference; lastKnownFileType = sourcecode.swift; path = ScheduleFormViewController.swift; sourceTree = "<group>"; };
		CDB20D5D2544E6FD00311A06 /* CompactHomeTests.swift */ = {isa = PBXFileReference; lastKnownFileType = sourcecode.swift; path = CompactHomeTests.swift; sourceTree = "<group>"; };
		CDB5EE4E246BDF6900E35376 /* PrivacyPolicy.txt */ = {isa = PBXFileReference; fileEncoding = 4; lastKnownFileType = text; path = PrivacyPolicy.txt; sourceTree = "<group>"; };
		CDB5EE50246BDF6900E35376 /* BackAppImpressum.txt */ = {isa = PBXFileReference; fileEncoding = 4; lastKnownFileType = text; path = BackAppImpressum.txt; sourceTree = "<group>"; };
		CDB916B128F85F4E0014F447 /* RecipeListVC+NavigationBar.swift */ = {isa = PBXFileReference; lastKnownFileType = sourcecode.swift; path = "RecipeListVC+NavigationBar.swift"; sourceTree = "<group>"; };
		CDB916B328F865C70014F447 /* RecipeListVC+CellSelection.swift */ = {isa = PBXFileReference; lastKnownFileType = sourcecode.swift; path = "RecipeListVC+CellSelection.swift"; sourceTree = "<group>"; };
		CDB916B528F8733A0014F447 /* RecipeListViewDelegate.swift */ = {isa = PBXFileReference; lastKnownFileType = sourcecode.swift; path = RecipeListViewDelegate.swift; sourceTree = "<group>"; };
		CDB916B728F8774C0014F447 /* RecipeListVC+ContextMenu.swift */ = {isa = PBXFileReference; lastKnownFileType = sourcecode.swift; path = "RecipeListVC+ContextMenu.swift"; sourceTree = "<group>"; };
		CDB916C128F87A670014F447 /* RecipeListCoordinatorDelegate.swift */ = {isa = PBXFileReference; lastKnownFileType = sourcecode.swift; path = RecipeListCoordinatorDelegate.swift; sourceTree = "<group>"; };
		CDB916C328F87AB90014F447 /* RecipeListCoordinator+navigate.swift */ = {isa = PBXFileReference; lastKnownFileType = sourcecode.swift; path = "RecipeListCoordinator+navigate.swift"; sourceTree = "<group>"; };
		CDB916C528F87B130014F447 /* RecipeListCoordinator+present.swift */ = {isa = PBXFileReference; lastKnownFileType = sourcecode.swift; path = "RecipeListCoordinator+present.swift"; sourceTree = "<group>"; };
		CDBDCF9A24A553A300121F98 /* EditRecipeViewController.swift */ = {isa = PBXFileReference; lastKnownFileType = sourcecode.swift; path = EditRecipeViewController.swift; sourceTree = "<group>"; };
		CDD4F15C271B1E9D004E6840 /* CellTests.swift */ = {isa = PBXFileReference; lastKnownFileType = sourcecode.swift; path = CellTests.swift; sourceTree = "<group>"; };
		CDDFC21E2591087B00B497AE /* BackAppCore */ = {isa = PBXFileReference; lastKnownFileType = folder; path = BackAppCore; sourceTree = "<group>"; };
		CDE2C4CB24DC3D2D009378C4 /* AboutView.swift */ = {isa = PBXFileReference; lastKnownFileType = sourcecode.swift; path = AboutView.swift; sourceTree = "<group>"; };
		CDE2C4CD24DC3EC0009378C4 /* AppIcon.xcassets */ = {isa = PBXFileReference; lastKnownFileType = folder.assetcatalog; path = AppIcon.xcassets; sourceTree = "<group>"; };
		CDE3731926DD670E008C7B95 /* Back App iOS-Bridging-Header.h */ = {isa = PBXFileReference; lastKnownFileType = sourcecode.c.h; path = "Back App iOS-Bridging-Header.h"; sourceTree = "<group>"; };
		CDE3731A26DD670F008C7B95 /* UITextView+Placeholder.m */ = {isa = PBXFileReference; fileEncoding = 4; lastKnownFileType = sourcecode.c.objc; path = "UITextView+Placeholder.m"; sourceTree = "<group>"; };
		CDE3731B26DD670F008C7B95 /* UITextView+Placeholder.h */ = {isa = PBXFileReference; fileEncoding = 4; lastKnownFileType = sourcecode.c.h; path = "UITextView+Placeholder.h"; sourceTree = "<group>"; };
		CDE7BF7C27065BD1006A9970 /* RecipeListVCTests.swift */ = {isa = PBXFileReference; lastKnownFileType = sourcecode.swift; path = RecipeListVCTests.swift; sourceTree = "<group>"; };
/* End PBXFileReference section */

/* Begin PBXFrameworksBuildPhase section */
		CD2BCE5024AE72CB00B868D7 /* Frameworks */ = {
			isa = PBXFrameworksBuildPhase;
			buildActionMask = 2147483647;
			files = (
			);
			runOnlyForDeploymentPostprocessing = 0;
		};
		CDA7EE2624A67DBD00763E21 /* Frameworks */ = {
			isa = PBXFrameworksBuildPhase;
			buildActionMask = 2147483647;
			files = (
				CD6729C126FD1F5E007C17E3 /* CombineCocoa in Frameworks */,
				CD232E6226740D7100E528BB /* BakingRecipeUIFoundation in Frameworks */,
			);
			runOnlyForDeploymentPostprocessing = 0;
		};
		CDA7EE3B24A67DC200763E21 /* Frameworks */ = {
			isa = PBXFrameworksBuildPhase;
			buildActionMask = 2147483647;
			files = (
			);
			runOnlyForDeploymentPostprocessing = 0;
		};
/* End PBXFrameworksBuildPhase section */

/* Begin PBXGroup section */
		8E5A9A062DE3ACEB00A9B87B /* scripts */ = {
			isa = PBXGroup;
			children = (
				8E5A9A032DE3ACEB00A9B87B /* import-certificate.sh */,
				8E5A9A042DE3ACEB00A9B87B /* import-profile.sh */,
				8E5A9A052DE3ACEB00A9B87B /* set-env-from-xcodeproj.sh */,
			);
			path = scripts;
			sourceTree = "<group>";
		};
		8E5A9A082DE3ACEB00A9B87B /* workflows */ = {
			isa = PBXGroup;
			children = (
				8E5A9A072DE3ACEB00A9B87B /* deploy-ios.yml */,
			);
			path = workflows;
			sourceTree = "<group>";
		};
		8E5A9A092DE3ACEB00A9B87B /* .github */ = {
			isa = PBXGroup;
			children = (
				8E5A9A062DE3ACEB00A9B87B /* scripts */,
				8E5A9A082DE3ACEB00A9B87B /* workflows */,
			);
			path = .github;
			sourceTree = "<group>";
		};
		8E5F3F142CB4330600C74344 /* Tests */ = {
			isa = PBXGroup;
			children = (
				8E5F3F182CB4334A00C74344 /* EditRecipeViewTest.swift */,
				8E5F3F1B2CB54A8200C74344 /* RecipeDetailViewTest.swift */,
			);
			path = Tests;
			sourceTree = "<group>";
		};
		CD232E3626740CAA00E528BB /* Cells */ = {
			isa = PBXGroup;
			children = (
				CD232E3B26740CD500E528BB /* AmountCell.swift */,
				CD232E4026740CD500E528BB /* CustomCell.swift */,
				CD232E4826740CD500E528BB /* DatePickerCell.swift */,
				CD232E3C26740CD500E528BB /* DecimalCell.swift */,
				CD232E3A26740CD400E528BB /* DetailCell.swift */,
				CD232E3926740CD400E528BB /* ImageCell.swift */,
				CD232E4626740CD500E528BB /* InfoStripCell.swift */,
				CD232E3F26740CD500E528BB /* IngredientRow.swift */,
				CDD4F15C271B1E9D004E6840 /* CellTests.swift */,
				CD232E4326740CD500E528BB /* KneadingHeatingCell.swift */,
				CD232E3826740CD400E528BB /* RecipeCell.swift */,
				CD232E4126740CD500E528BB /* StepCell.swift */,
				CD232E4726740CD500E528BB /* StepRow.swift */,
				CD75653226D571190049B574 /* SubstepRow.swift */,
				CD232E4426740CD500E528BB /* SubtitleCell.swift */,
				CD232E3726740CD400E528BB /* SwitchCell.swift */,
				CD232E4526740CD500E528BB /* TempPickerCell.swift */,
				CD232E3E26740CD500E528BB /* TextFieldCell.swift */,
				CD232E3D26740CD500E528BB /* TextViewCell.swift */,
				CD232E4226740CD500E528BB /* TimePickerCell.swift */,
				CDE3731B26DD670F008C7B95 /* UITextView+Placeholder.h */,
				CDE3731A26DD670F008C7B95 /* UITextView+Placeholder.m */,
				CDE3731926DD670E008C7B95 /* Back App iOS-Bridging-Header.h */,
			);
			path = Cells;
			sourceTree = "<group>";
		};
		CD2BCE5424AE72CB00B868D7 /* Back App iOSTests */ = {
			isa = PBXGroup;
			children = (
				CD2BCE5524AE72CB00B868D7 /* Back_App_iOSTests.swift */,
				CD2BCE5724AE72CB00B868D7 /* Info.plist */,
			);
			path = "Back App iOSTests";
			sourceTree = "<group>";
		};
		CD2C4C8124DAC980009195A8 /* RecipeList */ = {
			isa = PBXGroup;
			children = (
				CDA7EE2F24A67DBD00763E21 /* RecipeListViewController.swift */,
				CDB916B728F8774C0014F447 /* RecipeListVC+ContextMenu.swift */,
				CDB916B328F865C70014F447 /* RecipeListVC+CellSelection.swift */,
				CDB916B128F85F4E0014F447 /* RecipeListVC+NavigationBar.swift */,
				CDB916BA28F879460014F447 /* Coordinator */,
				CDB916C028F87A4C0014F447 /* Delegate */,
				CDB916BD28F879C00014F447 /* DataSource */,
				CDB916B928F879340014F447 /* Tests */,
			);
			path = RecipeList;
			sourceTree = "<group>";
		};
		CD6A9A032340252400748249 = {
			isa = PBXGroup;
			children = (
				8E5A9A0B2DE3CDDD00A9B87B /* exportOptions.plist */,
				8E5A9A092DE3ACEB00A9B87B /* .github */,
				8E5C074E2D20A63F002EED55 /* download_on_the_app_store.svg */,
				8E5C074D2D20A3DF002EED55 /* README.md */,
				8E5C07492D2070A5002EED55 /* LICENSE.txt */,
				CD285D47258E474000813A4C /* BakingRecipeUIFoundation */,
				CD8A742F258E3A9D0039C1BF /* BakingRecipeStrings */,
				CDDFC21E2591087B00B497AE /* BackAppCore */,
				CD8E3FE0258E388600E86F0F /* BakingRecipeFoundation */,
				CD1B6A182483F7FF00597931 /* Default-568h@2x.png */,
				CD75BFC824629961005C902A /* bread.png */,
				CDA7EE4C24A67E2200763E21 /* Shared */,
				CDA7EE2A24A67DBD00763E21 /* Back App iOS */,
				CDA7EE4124A67DC200763E21 /* Back App iOSUITests */,
				CD2BCE5424AE72CB00B868D7 /* Back App iOSTests */,
				CD6A9A0D2340252400748249 /* Products */,
				CDB5EE1A246B3A9400E35376 /* Frameworks */,
			);
			sourceTree = "<group>";
		};
		CD6A9A0D2340252400748249 /* Products */ = {
			isa = PBXGroup;
			children = (
				CDA7EE2924A67DBD00763E21 /* Back App.app */,
				CDA7EE3E24A67DC200763E21 /* Back App iOSUITests.xctest */,
				CD2BCE5324AE72CB00B868D7 /* Back App iOSTests.xctest */,
			);
			name = Products;
			sourceTree = "<group>";
		};
		CD6F74812691D18D00BCFC3E /* ExampleRecipeFiles */ = {
			isa = PBXGroup;
			children = (
				CD87201326DBA73B00C01DAE /* en */,
				CD87201226DBA73100C01DAE /* de */,
			);
			path = ExampleRecipeFiles;
			sourceTree = SOURCE_ROOT;
		};
		CD8101F724A9F357000C0220 /* StepDetail */ = {
			isa = PBXGroup;
			children = (
				CDA1D80B24A782C700DDF709 /* StepDetailViewController.swift */,
			);
			path = StepDetail;
			sourceTree = "<group>";
		};
		CD8101F924A9F381000C0220 /* RecipeDetail */ = {
			isa = PBXGroup;
			children = (
				8E5F3F142CB4330600C74344 /* Tests */,
				CDBDCF9A24A553A300121F98 /* EditRecipeViewController.swift */,
				CD6FD71026921D0800ACDE85 /* RecipeDetailViewController.swift */,
				CD663F6724E2A0FE008F9A09 /* EditRecipeDataSource.swift */,
				CDA806FB250400BE008E0EC0 /* ScheduleFormViewController.swift */,
				CD78EAAD250FE66C00E17DB0 /* ScheduleViewController.swift */,
			);
			path = RecipeDetail;
			sourceTree = "<group>";
		};
		CD87201226DBA73100C01DAE /* de */ = {
			isa = PBXGroup;
			children = (
				CD6F748E2691EE6100BCFC3E /* 1de.bakingAppRecipe */,
				CD6F748A2691D1C800BCFC3E /* 2de.bakingAppRecipe */,
				CD6F748C2691D1D800BCFC3E /* 3de.bakingAppRecipe */,
			);
			path = de;
			sourceTree = "<group>";
		};
		CD87201326DBA73B00C01DAE /* en */ = {
			isa = PBXGroup;
			children = (
				CD87201526DBA74700C01DAE /* 1en.bakingAppRecipe */,
				CD87201626DBA74700C01DAE /* 3en.bakingAppRecipe */,
				CD87201426DBA74600C01DAE /* 2en.bakingAppRecipe */,
			);
			path = en;
			sourceTree = "<group>";
		};
		CDA7EE2A24A67DBD00763E21 /* Back App iOS */ = {
			isa = PBXGroup;
			children = (
				CD6F74812691D18D00BCFC3E /* ExampleRecipeFiles */,
				CD7691BB24EEAB6600BAB383 /* Back App.entitlements */,
				CDBDCF9C24A553BF00121F98 /* supporting Files */,
				CD232E3626740CAA00E528BB /* Cells */,
				CDB383E724A61ED80049C2BE /* Controllers */,
				CDA7EE3924A67DC200763E21 /* Info.plist */,
				CD68D46524AC5CBB000D4BD7 /* InfoPlist.strings */,
				CD87B1FB26FF913D00DAC6B6 /* Launch Screen.storyboard */,
			);
			path = "Back App iOS";
			sourceTree = "<group>";
		};
		CDA7EE4124A67DC200763E21 /* Back App iOSUITests */ = {
			isa = PBXGroup;
			children = (
				CD9B3CE7253CE6D000132CA9 /* Localizable.strings */,
				CDA7EE4224A67DC200763E21 /* Back_App_iOSUITests.swift */,
				CD9B3CF3253CE6ED00132CA9 /* TestModels.swift */,
				CDA7EE4424A67DC200763E21 /* Info.plist */,
			);
			path = "Back App iOSUITests";
			sourceTree = "<group>";
		};
		CDA7EE4C24A67E2200763E21 /* Shared */ = {
			isa = PBXGroup;
			children = (
				CDB5EE4D246BDF6900E35376 /* Data */,
				CD6A9A152340252600748249 /* Images.xcassets */,
				CDE2C4CD24DC3EC0009378C4 /* AppIcon.xcassets */,
			);
			path = Shared;
			sourceTree = "<group>";
		};
		CDB383E724A61ED80049C2BE /* Controllers */ = {
			isa = PBXGroup;
			children = (
				CDBDFDD224AA9593002A6C84 /* Compact */,
				CD7B541728C8F644001F25EC /* BackAppVC.swift */,
				CD48482028E33F1600714468 /* BASplitViewController.swift */,
				CD20880B28F32D8600127961 /* Coordinator.swift */,
				CD20881328F330D300127961 /* BackAppCoordinator.swift */,
			);
			path = Controllers;
			sourceTree = "<group>";
		};
		CDB5EE1A246B3A9400E35376 /* Frameworks */ = {
			isa = PBXGroup;
			children = (
				CD59040824E2CF4F008A0E6E /* UserNotifications.framework */,
				CD59040A24E2CF4F008A0E6E /* UserNotificationsUI.framework */,
			);
			name = Frameworks;
			sourceTree = "<group>";
		};
		CDB5EE4D246BDF6900E35376 /* Data */ = {
			isa = PBXGroup;
			children = (
				CDB5EE4E246BDF6900E35376 /* PrivacyPolicy.txt */,
				CDB5EE50246BDF6900E35376 /* BackAppImpressum.txt */,
			);
			path = Data;
			sourceTree = "<group>";
		};
		CDB916B928F879340014F447 /* Tests */ = {
			isa = PBXGroup;
			children = (
				CDB20D5D2544E6FD00311A06 /* CompactHomeTests.swift */,
				CDE7BF7C27065BD1006A9970 /* RecipeListVCTests.swift */,
			);
			path = Tests;
			sourceTree = "<group>";
		};
		CDB916BA28F879460014F447 /* Coordinator */ = {
			isa = PBXGroup;
			children = (
				CD20880D28F32E6A00127961 /* RecipeListCoordinator.swift */,
				CDB916C528F87B130014F447 /* RecipeListCoordinator+present.swift */,
				CDB916C328F87AB90014F447 /* RecipeListCoordinator+navigate.swift */,
			);
			path = Coordinator;
			sourceTree = "<group>";
		};
		CDB916BC28F879AA0014F447 /* Settings */ = {
			isa = PBXGroup;
			children = (
				CD285EA6259E1D5C00834C21 /* SettingsViewController.swift */,
			);
			path = Settings;
			sourceTree = "<group>";
		};
		CDB916BD28F879C00014F447 /* DataSource */ = {
			isa = PBXGroup;
			children = (
				CD663F6B24E2A20B008F9A09 /* RecipeListDataSource.swift */,
			);
			path = DataSource;
			sourceTree = "<group>";
		};
		CDB916BE28F879E90014F447 /* RoomTempPickerSheet */ = {
			isa = PBXGroup;
			children = (
				CD4224B926724ED600BFCC5A /* RoomTempPickerSheet.swift */,
			);
			path = RoomTempPickerSheet;
			sourceTree = "<group>";
		};
		CDB916BF28F87A110014F447 /* About */ = {
			isa = PBXGroup;
			children = (
				CDE2C4CB24DC3D2D009378C4 /* AboutView.swift */,
				8E5C074B2D207293002EED55 /* LicenseView.swift */,
			);
			path = About;
			sourceTree = "<group>";
		};
		CDB916C028F87A4C0014F447 /* Delegate */ = {
			isa = PBXGroup;
			children = (
				CDB916B528F8733A0014F447 /* RecipeListViewDelegate.swift */,
				CDB916C128F87A670014F447 /* RecipeListCoordinatorDelegate.swift */,
			);
			path = Delegate;
			sourceTree = "<group>";
		};
		CDBDCF9C24A553BF00121F98 /* supporting Files */ = {
			isa = PBXGroup;
			children = (
				CDA7EE2B24A67DBD00763E21 /* AppDelegate.swift */,
				CDA7EE2D24A67DBD00763E21 /* SceneDelegate.swift */,
			);
			path = "supporting Files";
			sourceTree = "<group>";
		};
		CDBDFDD224AA9593002A6C84 /* Compact */ = {
			isa = PBXGroup;
			children = (
				CDB916BF28F87A110014F447 /* About */,
				CDB916BE28F879E90014F447 /* RoomTempPickerSheet */,
				CDB916BC28F879AA0014F447 /* Settings */,
				CD2C4C8124DAC980009195A8 /* RecipeList */,
				CD8101F924A9F381000C0220 /* RecipeDetail */,
				CD8101F724A9F357000C0220 /* StepDetail */,
				CDF65BB72597D9420098629C /* IngredientDetail */,
			);
			path = Compact;
			sourceTree = "<group>";
		};
		CDF65BB72597D9420098629C /* IngredientDetail */ = {
			isa = PBXGroup;
			children = (
				CD399ACF24AA3F1200232F90 /* IngredientDetailViewController.swift */,
			);
			path = IngredientDetail;
			sourceTree = "<group>";
		};
/* End PBXGroup section */

/* Begin PBXNativeTarget section */
		CD2BCE5224AE72CB00B868D7 /* Back App iOSTests */ = {
			isa = PBXNativeTarget;
			buildConfigurationList = CD2BCE5C24AE72CB00B868D7 /* Build configuration list for PBXNativeTarget "Back App iOSTests" */;
			buildPhases = (
				CD2BCE4F24AE72CB00B868D7 /* Sources */,
				CD2BCE5024AE72CB00B868D7 /* Frameworks */,
				CD2BCE5124AE72CB00B868D7 /* Resources */,
			);
			buildRules = (
			);
			dependencies = (
				CD2BCE5924AE72CB00B868D7 /* PBXTargetDependency */,
			);
			name = "Back App iOSTests";
			productName = "Back App iOSTests";
			productReference = CD2BCE5324AE72CB00B868D7 /* Back App iOSTests.xctest */;
			productType = "com.apple.product-type.bundle.unit-test";
		};
		CDA7EE2824A67DBD00763E21 /* Back App iOS */ = {
			isa = PBXNativeTarget;
			buildConfigurationList = CDA7EE4924A67DC200763E21 /* Build configuration list for PBXNativeTarget "Back App iOS" */;
			buildPhases = (
				CDA7EE2524A67DBD00763E21 /* Sources */,
				CDA7EE2624A67DBD00763E21 /* Frameworks */,
				CDA7EE2724A67DBD00763E21 /* Resources */,
				CD68D46824AC64D2000D4BD7 /* CopyFiles */,
				CD59041624E2CF4F008A0E6E /* Embed Foundation Extensions */,
			);
			buildRules = (
			);
			dependencies = (
			);
			name = "Back App iOS";
			packageProductDependencies = (
				CD232E6126740D7100E528BB /* BakingRecipeUIFoundation */,
				CD6729C026FD1F5E007C17E3 /* CombineCocoa */,
			);
			productName = "Back App iOS";
			productReference = CDA7EE2924A67DBD00763E21 /* Back App.app */;
			productType = "com.apple.product-type.application";
		};
		CDA7EE3D24A67DC200763E21 /* Back App iOSUITests */ = {
			isa = PBXNativeTarget;
			buildConfigurationList = CDA7EE4A24A67DC200763E21 /* Build configuration list for PBXNativeTarget "Back App iOSUITests" */;
			buildPhases = (
				CDA7EE3A24A67DC200763E21 /* Sources */,
				CDA7EE3B24A67DC200763E21 /* Frameworks */,
				CDA7EE3C24A67DC200763E21 /* Resources */,
			);
			buildRules = (
			);
			dependencies = (
				CDA7EE4024A67DC200763E21 /* PBXTargetDependency */,
			);
			name = "Back App iOSUITests";
			productName = "Back App iOSUITests";
			productReference = CDA7EE3E24A67DC200763E21 /* Back App iOSUITests.xctest */;
			productType = "com.apple.product-type.bundle.ui-testing";
		};
/* End PBXNativeTarget section */

/* Begin PBXProject section */
		CD6A9A042340252400748249 /* Project object */ = {
			isa = PBXProject;
			attributes = {
				BuildIndependentTargetsInParallel = YES;
				LastSwiftUpdateCheck = 1160;
				LastUpgradeCheck = 1640;
				ORGANIZATIONNAME = "Moritz Schaub";
				TargetAttributes = {
					CD2BCE5224AE72CB00B868D7 = {
						CreatedOnToolsVersion = 11.5;
						TestTargetID = CDA7EE2824A67DBD00763E21;
					};
					CDA7EE2824A67DBD00763E21 = {
						CreatedOnToolsVersion = 11.5;
						LastSwiftMigration = 1250;
					};
					CDA7EE3D24A67DC200763E21 = {
						CreatedOnToolsVersion = 11.5;
						TestTargetID = CDA7EE2824A67DBD00763E21;
					};
				};
			};
			buildConfigurationList = CD6A9A072340252400748249 /* Build configuration list for PBXProject "BackApp" */;
			compatibilityVersion = "Xcode 9.3";
			developmentRegion = de;
			hasScannedForEncodings = 0;
			knownRegions = (
				de,
				en,
				Base,
			);
			mainGroup = CD6A9A032340252400748249;
			packageReferences = (
				CD6729BF26FD1F5E007C17E3 /* XCRemoteSwiftPackageReference "CombineCocoa" */,
			);
			productRefGroup = CD6A9A0D2340252400748249 /* Products */;
			projectDirPath = "";
			projectRoot = "";
			targets = (
				CDA7EE2824A67DBD00763E21 /* Back App iOS */,
				CDA7EE3D24A67DC200763E21 /* Back App iOSUITests */,
				CD2BCE5224AE72CB00B868D7 /* Back App iOSTests */,
			);
		};
/* End PBXProject section */

/* Begin PBXResourcesBuildPhase section */
		CD2BCE5124AE72CB00B868D7 /* Resources */ = {
			isa = PBXResourcesBuildPhase;
			buildActionMask = 2147483647;
			files = (
			);
			runOnlyForDeploymentPostprocessing = 0;
		};
		CDA7EE2724A67DBD00763E21 /* Resources */ = {
			isa = PBXResourcesBuildPhase;
			buildActionMask = 2147483647;
			files = (
				CD6F748D2691D1D800BCFC3E /* 3de.bakingAppRecipe in Resources */,
				CD87201726DBA74700C01DAE /* 2en.bakingAppRecipe in Resources */,
				CD68D46324AC5CBB000D4BD7 /* InfoPlist.strings in Resources */,
				CDA7EE7424A67EF200763E21 /* PrivacyPolicy.txt in Resources */,
				CD87B1F926FF913D00DAC6B6 /* Launch Screen.storyboard in Resources */,
				8E5C074A2D2070A5002EED55 /* LICENSE.txt in Resources */,
				CD29972324A9E53300759EBA /* bread.png in Resources */,
				CDE2C4CE24DC3EC0009378C4 /* AppIcon.xcassets in Resources */,
				CD6F748B2691D1C800BCFC3E /* 2de.bakingAppRecipe in Resources */,
				CD6F748F2691EE6100BCFC3E /* 1de.bakingAppRecipe in Resources */,
				CDA7EE5824A67E7000763E21 /* Images.xcassets in Resources */,
				CD87201826DBA74700C01DAE /* 1en.bakingAppRecipe in Resources */,
				CD87201926DBA74700C01DAE /* 3en.bakingAppRecipe in Resources */,
			);
			runOnlyForDeploymentPostprocessing = 0;
		};
		CDA7EE3C24A67DC200763E21 /* Resources */ = {
			isa = PBXResourcesBuildPhase;
			buildActionMask = 2147483647;
			files = (
				CD9B3CE9253CE6D000132CA9 /* Localizable.strings in Resources */,
			);
			runOnlyForDeploymentPostprocessing = 0;
		};
/* End PBXResourcesBuildPhase section */

/* Begin PBXSourcesBuildPhase section */
		CD2BCE4F24AE72CB00B868D7 /* Sources */ = {
			isa = PBXSourcesBuildPhase;
			buildActionMask = 2147483647;
			files = (
				8E5F3F1C2CB54A8200C74344 /* RecipeDetailViewTest.swift in Sources */,
				8E5F3F1A2CB4334A00C74344 /* EditRecipeViewTest.swift in Sources */,
				CD2BCE5624AE72CB00B868D7 /* Back_App_iOSTests.swift in Sources */,
				CDE7BF7D27065BD1006A9970 /* RecipeListVCTests.swift in Sources */,
				CDD4F15D271B1E9E004E6840 /* CellTests.swift in Sources */,
			);
			runOnlyForDeploymentPostprocessing = 0;
		};
		CDA7EE2524A67DBD00763E21 /* Sources */ = {
			isa = PBXSourcesBuildPhase;
			buildActionMask = 2147483647;
			files = (
				CD232E5826740CD500E528BB /* InfoStripCell.swift in Sources */,
				CD663F6C24E2A20B008F9A09 /* RecipeListDataSource.swift in Sources */,
				CDA7EE3024A67DBD00763E21 /* RecipeListViewController.swift in Sources */,
				CD285EA7259E1D5C00834C21 /* SettingsViewController.swift in Sources */,
				CDA7EE2C24A67DBD00763E21 /* AppDelegate.swift in Sources */,
				CD232E5126740CD500E528BB /* IngredientRow.swift in Sources */,
				CD6FD71126921D0800ACDE85 /* RecipeDetailViewController.swift in Sources */,
				CD663F6824E2A0FE008F9A09 /* EditRecipeDataSource.swift in Sources */,
				CD7B541828C8F644001F25EC /* BackAppVC.swift in Sources */,
				CD75653326D571190049B574 /* SubstepRow.swift in Sources */,
				CDB916B428F865C70014F447 /* RecipeListVC+CellSelection.swift in Sources */,
				CDA806FC250400BE008E0EC0 /* ScheduleFormViewController.swift in Sources */,
				CD232E5526740CD500E528BB /* KneadingHeatingCell.swift in Sources */,
				CDB916C228F87A670014F447 /* RecipeListCoordinatorDelegate.swift in Sources */,
				CDB916B228F85F4E0014F447 /* RecipeListVC+NavigationBar.swift in Sources */,
				CD232E5326740CD500E528BB /* StepCell.swift in Sources */,
				CD232E5626740CD500E528BB /* SubtitleCell.swift in Sources */,
				CD4224BA26724ED600BFCC5A /* RoomTempPickerSheet.swift in Sources */,
				CD78EAAE250FE66C00E17DB0 /* ScheduleViewController.swift in Sources */,
				CDBDCF9B24A553A300121F98 /* EditRecipeViewController.swift in Sources */,
				CD232E5726740CD500E528BB /* TempPickerCell.swift in Sources */,
				CDE2C4CC24DC3D2D009378C4 /* AboutView.swift in Sources */,
				CD232E4C26740CD500E528BB /* DetailCell.swift in Sources */,
				CDB916B628F8733A0014F447 /* RecipeListViewDelegate.swift in Sources */,
				CD48482128E33F1600714468 /* BASplitViewController.swift in Sources */,
				CDB916C428F87AB90014F447 /* RecipeListCoordinator+navigate.swift in Sources */,
				CD399AD024AA3F1200232F90 /* IngredientDetailViewController.swift in Sources */,
				CDB916B828F8774C0014F447 /* RecipeListVC+ContextMenu.swift in Sources */,
				CD20880C28F32D8600127961 /* Coordinator.swift in Sources */,
				CD232E4F26740CD500E528BB /* TextViewCell.swift in Sources */,
				CD232E5A26740CD500E528BB /* DatePickerCell.swift in Sources */,
				CD20881428F330D300127961 /* BackAppCoordinator.swift in Sources */,
				CD232E5026740CD500E528BB /* TextFieldCell.swift in Sources */,
				CD232E4D26740CD500E528BB /* AmountCell.swift in Sources */,
				8E5C074C2D207293002EED55 /* LicenseView.swift in Sources */,
				CD232E5226740CD500E528BB /* CustomCell.swift in Sources */,
				CD232E4A26740CD500E528BB /* RecipeCell.swift in Sources */,
				CDB916C628F87B130014F447 /* RecipeListCoordinator+present.swift in Sources */,
				CD232E4926740CD500E528BB /* SwitchCell.swift in Sources */,
				CD232E4E26740CD500E528BB /* DecimalCell.swift in Sources */,
				CD232E4B26740CD500E528BB /* ImageCell.swift in Sources */,
				CD232E5926740CD500E528BB /* StepRow.swift in Sources */,
				CD20880E28F32E6A00127961 /* RecipeListCoordinator.swift in Sources */,
				CDE3731C26DD670F008C7B95 /* UITextView+Placeholder.m in Sources */,
				CD232E5426740CD500E528BB /* TimePickerCell.swift in Sources */,
				CDA7EE2E24A67DBD00763E21 /* SceneDelegate.swift in Sources */,
				CDA1D80C24A782C700DDF709 /* StepDetailViewController.swift in Sources */,
			);
			runOnlyForDeploymentPostprocessing = 0;
		};
		CDA7EE3A24A67DC200763E21 /* Sources */ = {
			isa = PBXSourcesBuildPhase;
			buildActionMask = 2147483647;
			files = (
				CDA7EE4324A67DC200763E21 /* Back_App_iOSUITests.swift in Sources */,
				8E5F3F132CB42C5A00C74344 /* CompactHomeTests.swift in Sources */,
				CD9B3CF4253CE6ED00132CA9 /* TestModels.swift in Sources */,
			);
			runOnlyForDeploymentPostprocessing = 0;
		};
/* End PBXSourcesBuildPhase section */

/* Begin PBXTargetDependency section */
		CD2BCE5924AE72CB00B868D7 /* PBXTargetDependency */ = {
			isa = PBXTargetDependency;
			target = CDA7EE2824A67DBD00763E21 /* Back App iOS */;
			targetProxy = CD2BCE5824AE72CB00B868D7 /* PBXContainerItemProxy */;
		};
		CDA7EE4024A67DC200763E21 /* PBXTargetDependency */ = {
			isa = PBXTargetDependency;
			target = CDA7EE2824A67DBD00763E21 /* Back App iOS */;
			targetProxy = CDA7EE3F24A67DC200763E21 /* PBXContainerItemProxy */;
		};
/* End PBXTargetDependency section */

/* Begin PBXVariantGroup section */
		CD68D46524AC5CBB000D4BD7 /* InfoPlist.strings */ = {
			isa = PBXVariantGroup;
			children = (
				CD68D46424AC5CBB000D4BD7 /* de */,
				CD68D46624AC5CBD000D4BD7 /* en */,
			);
			name = InfoPlist.strings;
			sourceTree = "<group>";
		};
		CD87B1FB26FF913D00DAC6B6 /* Launch Screen.storyboard */ = {
			isa = PBXVariantGroup;
			children = (
				CD87B1FA26FF913D00DAC6B6 /* Base */,
				CD87B1FD26FF914300DAC6B6 /* de */,
				CD9129D326FF91750040061C /* en */,
			);
			name = "Launch Screen.storyboard";
			sourceTree = "<group>";
		};
		CD9B3CE7253CE6D000132CA9 /* Localizable.strings */ = {
			isa = PBXVariantGroup;
			children = (
				CD9B3CE8253CE6D000132CA9 /* en */,
				CD9B3CF2253CE6D600132CA9 /* de */,
			);
			name = Localizable.strings;
			sourceTree = "<group>";
		};
/* End PBXVariantGroup section */

/* Begin XCBuildConfiguration section */
		CD2BCE5A24AE72CB00B868D7 /* Debug */ = {
			isa = XCBuildConfiguration;
			buildSettings = {
				BUNDLE_LOADER = "$(TEST_HOST)";
				CODE_SIGN_STYLE = Automatic;
				DEVELOPMENT_TEAM = 2WV4PNAXJT;
				INFOPLIST_FILE = "Back App iOSTests/Info.plist";
				IPHONEOS_DEPLOYMENT_TARGET = 13.5;
				LD_RUNPATH_SEARCH_PATHS = (
					"$(inherited)",
					"@executable_path/Frameworks",
					"@loader_path/Frameworks",
				);
				MACOSX_DEPLOYMENT_TARGET = 11.0;
				PRODUCT_BUNDLE_IDENTIFIER = "com.moritzschaub.Back-App-iOSTests";
				PRODUCT_NAME = "$(TARGET_NAME)";
				SWIFT_VERSION = 5.0;
				TARGETED_DEVICE_FAMILY = "1,2";
				TEST_HOST = "$(BUILT_PRODUCTS_DIR)/Back App.app/Back App";
			};
			name = Debug;
		};
		CD2BCE5B24AE72CB00B868D7 /* Release */ = {
			isa = XCBuildConfiguration;
			buildSettings = {
				BUNDLE_LOADER = "$(TEST_HOST)";
				CODE_SIGN_STYLE = Automatic;
				DEVELOPMENT_TEAM = 2WV4PNAXJT;
				INFOPLIST_FILE = "Back App iOSTests/Info.plist";
				IPHONEOS_DEPLOYMENT_TARGET = 13.5;
				LD_RUNPATH_SEARCH_PATHS = (
					"$(inherited)",
					"@executable_path/Frameworks",
					"@loader_path/Frameworks",
				);
				MACOSX_DEPLOYMENT_TARGET = 11.0;
				PRODUCT_BUNDLE_IDENTIFIER = "com.moritzschaub.Back-App-iOSTests";
				PRODUCT_NAME = "$(TARGET_NAME)";
				SWIFT_VERSION = 5.0;
				TARGETED_DEVICE_FAMILY = "1,2";
				TEST_HOST = "$(BUILT_PRODUCTS_DIR)/Back App.app/Back App";
			};
			name = Release;
		};
		CD6A9A1E2340252600748249 /* Debug */ = {
			isa = XCBuildConfiguration;
			buildSettings = {
				ALWAYS_SEARCH_USER_PATHS = NO;
				ASSETCATALOG_COMPILER_GENERATE_SWIFT_ASSET_SYMBOL_EXTENSIONS = YES;
				CLANG_ANALYZER_LOCALIZABILITY_NONLOCALIZED = YES;
				CLANG_ANALYZER_NONNULL = YES;
				CLANG_ANALYZER_NUMBER_OBJECT_CONVERSION = YES_AGGRESSIVE;
				CLANG_CXX_LANGUAGE_STANDARD = "gnu++14";
				CLANG_CXX_LIBRARY = "libc++";
				CLANG_ENABLE_MODULES = YES;
				CLANG_ENABLE_OBJC_ARC = YES;
				CLANG_ENABLE_OBJC_WEAK = YES;
				CLANG_WARN_BLOCK_CAPTURE_AUTORELEASING = YES;
				CLANG_WARN_BOOL_CONVERSION = YES;
				CLANG_WARN_COMMA = YES;
				CLANG_WARN_CONSTANT_CONVERSION = YES;
				CLANG_WARN_DEPRECATED_OBJC_IMPLEMENTATIONS = YES;
				CLANG_WARN_DIRECT_OBJC_ISA_USAGE = YES_ERROR;
				CLANG_WARN_DOCUMENTATION_COMMENTS = YES;
				CLANG_WARN_EMPTY_BODY = YES;
				CLANG_WARN_ENUM_CONVERSION = YES;
				CLANG_WARN_INFINITE_RECURSION = YES;
				CLANG_WARN_INT_CONVERSION = YES;
				CLANG_WARN_NON_LITERAL_NULL_CONVERSION = YES;
				CLANG_WARN_OBJC_IMPLICIT_RETAIN_SELF = YES;
				CLANG_WARN_OBJC_LITERAL_CONVERSION = YES;
				CLANG_WARN_OBJC_ROOT_CLASS = YES_ERROR;
				CLANG_WARN_QUOTED_INCLUDE_IN_FRAMEWORK_HEADER = YES;
				CLANG_WARN_RANGE_LOOP_ANALYSIS = YES;
				CLANG_WARN_STRICT_PROTOTYPES = YES;
				CLANG_WARN_SUSPICIOUS_MOVE = YES;
				CLANG_WARN_UNGUARDED_AVAILABILITY = YES_AGGRESSIVE;
				CLANG_WARN_UNREACHABLE_CODE = YES;
				CLANG_WARN__DUPLICATE_METHOD_MATCH = YES;
				COPY_PHASE_STRIP = NO;
				DEBUG_INFORMATION_FORMAT = dwarf;
				ENABLE_STRICT_OBJC_MSGSEND = YES;
				ENABLE_TESTABILITY = YES;
				ENABLE_USER_SCRIPT_SANDBOXING = YES;
				GCC_C_LANGUAGE_STANDARD = gnu11;
				GCC_DYNAMIC_NO_PIC = NO;
				GCC_NO_COMMON_BLOCKS = YES;
				GCC_OPTIMIZATION_LEVEL = 0;
				GCC_PREPROCESSOR_DEFINITIONS = (
					"DEBUG=1",
					"$(inherited)",
				);
				GCC_WARN_64_TO_32_BIT_CONVERSION = YES;
				GCC_WARN_ABOUT_RETURN_TYPE = YES_ERROR;
				GCC_WARN_UNDECLARED_SELECTOR = YES;
				GCC_WARN_UNINITIALIZED_AUTOS = YES_AGGRESSIVE;
				GCC_WARN_UNUSED_FUNCTION = YES;
				GCC_WARN_UNUSED_VARIABLE = YES;
				IPHONEOS_DEPLOYMENT_TARGET = 13.5;
				MACOSX_DEPLOYMENT_TARGET = 10.15;
				MTL_ENABLE_DEBUG_INFO = INCLUDE_SOURCE;
				MTL_FAST_MATH = YES;
				ONLY_ACTIVE_ARCH = YES;
				SDKROOT = iphoneos;
				SWIFT_ACTIVE_COMPILATION_CONDITIONS = DEBUG;
				SWIFT_OPTIMIZATION_LEVEL = "-Onone";
			};
			name = Debug;
		};
		CD6A9A1F2340252600748249 /* Release */ = {
			isa = XCBuildConfiguration;
			buildSettings = {
				ALWAYS_SEARCH_USER_PATHS = NO;
				ASSETCATALOG_COMPILER_GENERATE_SWIFT_ASSET_SYMBOL_EXTENSIONS = YES;
				CLANG_ANALYZER_LOCALIZABILITY_NONLOCALIZED = YES;
				CLANG_ANALYZER_NONNULL = YES;
				CLANG_ANALYZER_NUMBER_OBJECT_CONVERSION = YES_AGGRESSIVE;
				CLANG_CXX_LANGUAGE_STANDARD = "gnu++14";
				CLANG_CXX_LIBRARY = "libc++";
				CLANG_ENABLE_MODULES = YES;
				CLANG_ENABLE_OBJC_ARC = YES;
				CLANG_ENABLE_OBJC_WEAK = YES;
				CLANG_WARN_BLOCK_CAPTURE_AUTORELEASING = YES;
				CLANG_WARN_BOOL_CONVERSION = YES;
				CLANG_WARN_COMMA = YES;
				CLANG_WARN_CONSTANT_CONVERSION = YES;
				CLANG_WARN_DEPRECATED_OBJC_IMPLEMENTATIONS = YES;
				CLANG_WARN_DIRECT_OBJC_ISA_USAGE = YES_ERROR;
				CLANG_WARN_DOCUMENTATION_COMMENTS = YES;
				CLANG_WARN_EMPTY_BODY = YES;
				CLANG_WARN_ENUM_CONVERSION = YES;
				CLANG_WARN_INFINITE_RECURSION = YES;
				CLANG_WARN_INT_CONVERSION = YES;
				CLANG_WARN_NON_LITERAL_NULL_CONVERSION = YES;
				CLANG_WARN_OBJC_IMPLICIT_RETAIN_SELF = YES;
				CLANG_WARN_OBJC_LITERAL_CONVERSION = YES;
				CLANG_WARN_OBJC_ROOT_CLASS = YES_ERROR;
				CLANG_WARN_QUOTED_INCLUDE_IN_FRAMEWORK_HEADER = YES;
				CLANG_WARN_RANGE_LOOP_ANALYSIS = YES;
				CLANG_WARN_STRICT_PROTOTYPES = YES;
				CLANG_WARN_SUSPICIOUS_MOVE = YES;
				CLANG_WARN_UNGUARDED_AVAILABILITY = YES_AGGRESSIVE;
				CLANG_WARN_UNREACHABLE_CODE = YES;
				CLANG_WARN__DUPLICATE_METHOD_MATCH = YES;
				COPY_PHASE_STRIP = NO;
				DEBUG_INFORMATION_FORMAT = "dwarf-with-dsym";
				ENABLE_NS_ASSERTIONS = NO;
				ENABLE_STRICT_OBJC_MSGSEND = YES;
				ENABLE_USER_SCRIPT_SANDBOXING = YES;
				GCC_C_LANGUAGE_STANDARD = gnu11;
				GCC_NO_COMMON_BLOCKS = YES;
				GCC_WARN_64_TO_32_BIT_CONVERSION = YES;
				GCC_WARN_ABOUT_RETURN_TYPE = YES_ERROR;
				GCC_WARN_UNDECLARED_SELECTOR = YES;
				GCC_WARN_UNINITIALIZED_AUTOS = YES_AGGRESSIVE;
				GCC_WARN_UNUSED_FUNCTION = YES;
				GCC_WARN_UNUSED_VARIABLE = YES;
				IPHONEOS_DEPLOYMENT_TARGET = 13.5;
				MACOSX_DEPLOYMENT_TARGET = 10.15;
				MTL_ENABLE_DEBUG_INFO = NO;
				MTL_FAST_MATH = YES;
				SDKROOT = iphoneos;
				SWIFT_COMPILATION_MODE = wholemodule;
				SWIFT_OPTIMIZATION_LEVEL = "-O";
				VALIDATE_PRODUCT = YES;
			};
			name = Release;
		};
		CDA7EE4524A67DC200763E21 /* Debug */ = {
			isa = XCBuildConfiguration;
			buildSettings = {
				ASSETCATALOG_COMPILER_APPICON_NAME = AppIcon;
				CLANG_ENABLE_MODULES = YES;
				CODE_SIGN_ENTITLEMENTS = "Back App iOS/Back App.entitlements";
				"CODE_SIGN_IDENTITY[sdk=iphoneos*]" = "iPhone Distribution";
				"CODE_SIGN_IDENTITY[sdk=macosx*]" = "Apple Development";
				CODE_SIGN_STYLE = Manual;
				CURRENT_PROJECT_VERSION = 94;
				DEVELOPMENT_TEAM = "";
				"DEVELOPMENT_TEAM[sdk=iphoneos*]" = 2WV4PNAXJT;
				"DEVELOPMENT_TEAM[sdk=macosx*]" = 2WV4PNAXJT;
				INFOPLIST_FILE = "Back App iOS/Info.plist";
				IPHONEOS_DEPLOYMENT_TARGET = 13.5;
				LD_RUNPATH_SEARCH_PATHS = (
					"$(inherited)",
					"@executable_path/Frameworks",
				);
				MACOSX_DEPLOYMENT_TARGET = 11.0;
				MARKETING_VERSION = 0.6.0;
				PRODUCT_BUNDLE_IDENTIFIER = "com.moritzschaub.Back-App-iOS";
				PRODUCT_NAME = "Back App";
				PROVISIONING_PROFILE_SPECIFIER = "";
				"PROVISIONING_PROFILE_SPECIFIER[sdk=iphoneos*]" = BackAppStoreConnect;
				SUPPORTED_PLATFORMS = "iphoneos iphonesimulator";
				SUPPORTS_MACCATALYST = NO;
				SWIFT_OBJC_BRIDGING_HEADER = "Back App iOS/Cells/Back App iOS-Bridging-Header.h";
				SWIFT_OPTIMIZATION_LEVEL = "-Onone";
				SWIFT_VERSION = 5.0;
				TARGETED_DEVICE_FAMILY = "1,2";
				VERSIONING_SYSTEM = "apple-generic";
			};
			name = Debug;
		};
		CDA7EE4624A67DC200763E21 /* Release */ = {
			isa = XCBuildConfiguration;
			buildSettings = {
				ASSETCATALOG_COMPILER_APPICON_NAME = AppIcon;
				CLANG_ENABLE_MODULES = YES;
				CODE_SIGN_ENTITLEMENTS = "Back App iOS/Back App.entitlements";
				"CODE_SIGN_IDENTITY[sdk=iphoneos*]" = "iPhone Distribution";
				"CODE_SIGN_IDENTITY[sdk=macosx*]" = "Mac Developer";
				CODE_SIGN_STYLE = Manual;
				CURRENT_PROJECT_VERSION = 94;
				DEVELOPMENT_TEAM = "";
				"DEVELOPMENT_TEAM[sdk=iphoneos*]" = 2WV4PNAXJT;
				"DEVELOPMENT_TEAM[sdk=macosx*]" = "";
				INFOPLIST_FILE = "Back App iOS/Info.plist";
				IPHONEOS_DEPLOYMENT_TARGET = 13.5;
				LD_RUNPATH_SEARCH_PATHS = (
					"$(inherited)",
					"@executable_path/Frameworks",
				);
				MACOSX_DEPLOYMENT_TARGET = 11.0;
				MARKETING_VERSION = 0.6.0;
				PRODUCT_BUNDLE_IDENTIFIER = "com.moritzschaub.Back-App-iOS";
				PRODUCT_NAME = "Back App";
				PROVISIONING_PROFILE_SPECIFIER = "";
				"PROVISIONING_PROFILE_SPECIFIER[sdk=iphoneos*]" = BackAppStoreConnect;
				"PROVISIONING_PROFILE_SPECIFIER[sdk=macosx*]" = "";
				SUPPORTED_PLATFORMS = "iphoneos iphonesimulator";
				SUPPORTS_MACCATALYST = NO;
				SWIFT_OBJC_BRIDGING_HEADER = "Back App iOS/Cells/Back App iOS-Bridging-Header.h";
				SWIFT_VERSION = 5.0;
				TARGETED_DEVICE_FAMILY = "1,2";
				VERSIONING_SYSTEM = "apple-generic";
			};
			name = Release;
		};
		CDA7EE4724A67DC200763E21 /* Debug */ = {
			isa = XCBuildConfiguration;
			buildSettings = {
				CODE_SIGN_STYLE = Automatic;
				DEVELOPMENT_TEAM = 2WV4PNAXJT;
				INFOPLIST_FILE = "Back App iOSUITests/Info.plist";
				IPHONEOS_DEPLOYMENT_TARGET = 13.5;
				LD_RUNPATH_SEARCH_PATHS = (
					"$(inherited)",
					"@executable_path/Frameworks",
					"@loader_path/Frameworks",
				);
				MACOSX_DEPLOYMENT_TARGET = 11.0;
				PRODUCT_BUNDLE_IDENTIFIER = "com.moritzschaub.Back-App-iOSUITests";
				PRODUCT_NAME = "$(TARGET_NAME)";
				SWIFT_VERSION = 5.0;
				TARGETED_DEVICE_FAMILY = "1,2";
				TEST_TARGET_NAME = "Back App iOS";
			};
			name = Debug;
		};
		CDA7EE4824A67DC200763E21 /* Release */ = {
			isa = XCBuildConfiguration;
			buildSettings = {
				CODE_SIGN_STYLE = Automatic;
				DEVELOPMENT_TEAM = 2WV4PNAXJT;
				INFOPLIST_FILE = "Back App iOSUITests/Info.plist";
				IPHONEOS_DEPLOYMENT_TARGET = 13.5;
				LD_RUNPATH_SEARCH_PATHS = (
					"$(inherited)",
					"@executable_path/Frameworks",
					"@loader_path/Frameworks",
				);
				MACOSX_DEPLOYMENT_TARGET = 11.0;
				PRODUCT_BUNDLE_IDENTIFIER = "com.moritzschaub.Back-App-iOSUITests";
				PRODUCT_NAME = "$(TARGET_NAME)";
				SWIFT_VERSION = 5.0;
				TARGETED_DEVICE_FAMILY = "1,2";
				TEST_TARGET_NAME = "Back App iOS";
			};
			name = Release;
		};
/* End XCBuildConfiguration section */

/* Begin XCConfigurationList section */
		CD2BCE5C24AE72CB00B868D7 /* Build configuration list for PBXNativeTarget "Back App iOSTests" */ = {
			isa = XCConfigurationList;
			buildConfigurations = (
				CD2BCE5A24AE72CB00B868D7 /* Debug */,
				CD2BCE5B24AE72CB00B868D7 /* Release */,
			);
			defaultConfigurationIsVisible = 0;
			defaultConfigurationName = Release;
		};
		CD6A9A072340252400748249 /* Build configuration list for PBXProject "BackApp" */ = {
			isa = XCConfigurationList;
			buildConfigurations = (
				CD6A9A1E2340252600748249 /* Debug */,
				CD6A9A1F2340252600748249 /* Release */,
			);
			defaultConfigurationIsVisible = 0;
			defaultConfigurationName = Release;
		};
		CDA7EE4924A67DC200763E21 /* Build configuration list for PBXNativeTarget "Back App iOS" */ = {
			isa = XCConfigurationList;
			buildConfigurations = (
				CDA7EE4524A67DC200763E21 /* Debug */,
				CDA7EE4624A67DC200763E21 /* Release */,
			);
			defaultConfigurationIsVisible = 0;
			defaultConfigurationName = Release;
		};
		CDA7EE4A24A67DC200763E21 /* Build configuration list for PBXNativeTarget "Back App iOSUITests" */ = {
			isa = XCConfigurationList;
			buildConfigurations = (
				CDA7EE4724A67DC200763E21 /* Debug */,
				CDA7EE4824A67DC200763E21 /* Release */,
			);
			defaultConfigurationIsVisible = 0;
			defaultConfigurationName = Release;
		};
/* End XCConfigurationList section */

/* Begin XCRemoteSwiftPackageReference section */
		CD6729BF26FD1F5E007C17E3 /* XCRemoteSwiftPackageReference "CombineCocoa" */ = {
			isa = XCRemoteSwiftPackageReference;
			repositoryURL = "https://github.com/bpollman/CombineCocoa";
			requirement = {
				branch = main;
				kind = branch;
			};
		};
/* End XCRemoteSwiftPackageReference section */

/* Begin XCSwiftPackageProductDependency section */
		CD232E6126740D7100E528BB /* BakingRecipeUIFoundation */ = {
			isa = XCSwiftPackageProductDependency;
			productName = BakingRecipeUIFoundation;
		};
		CD6729C026FD1F5E007C17E3 /* CombineCocoa */ = {
			isa = XCSwiftPackageProductDependency;
			package = CD6729BF26FD1F5E007C17E3 /* XCRemoteSwiftPackageReference "CombineCocoa" */;
			productName = CombineCocoa;
		};
/* End XCSwiftPackageProductDependency section */
	};
	rootObject = CD6A9A042340252400748249 /* Project object */;
}
