// !$*UTF8*$!
{
	archiveVersion = 1;
	classes = {
	};
	objectVersion = 50;
	objects = {

/* Begin PBXBuildFile section */
		CD3C9A7623426DBB006FC5F9 /* RezeptData.json in Resources */ = {isa = PBXBuildFile; fileRef = CD3C9A7523426DBB006FC5F9 /* RezeptData.json */; };
		CD3C9A7823426F0C006FC5F9 /* Data.swift in Sources */ = {isa = PBXBuildFile; fileRef = CD3C9A7723426F0C006FC5F9 /* Data.swift */; };
		CD6A9A102340252400748249 /* AppDelegate.swift in Sources */ = {isa = PBXBuildFile; fileRef = CD6A9A0F2340252400748249 /* AppDelegate.swift */; };
		CD6A9A122340252400748249 /* SceneDelegate.swift in Sources */ = {isa = PBXBuildFile; fileRef = CD6A9A112340252400748249 /* SceneDelegate.swift */; };
		CD6A9A142340252400748249 /* RezeptList.swift in Sources */ = {isa = PBXBuildFile; fileRef = CD6A9A132340252400748249 /* RezeptList.swift */; };
		CD6A9A162340252600748249 /* Assets.xcassets in Resources */ = {isa = PBXBuildFile; fileRef = CD6A9A152340252600748249 /* Assets.xcassets */; };
		CD6A9A192340252600748249 /* Preview Assets.xcassets in Resources */ = {isa = PBXBuildFile; fileRef = CD6A9A182340252600748249 /* Preview Assets.xcassets */; };
		CD6A9A1C2340252600748249 /* LaunchScreen.storyboard in Resources */ = {isa = PBXBuildFile; fileRef = CD6A9A1A2340252600748249 /* LaunchScreen.storyboard */; };
		CD6A9A242340255E00748249 /* BrotValue.swift in Sources */ = {isa = PBXBuildFile; fileRef = CD6A9A232340255E00748249 /* BrotValue.swift */; };
		CD6A9A272340262B00748249 /* Rezept.swift in Sources */ = {isa = PBXBuildFile; fileRef = CD6A9A262340262B00748249 /* Rezept.swift */; };
		CD6A9A292340267F00748249 /* RezeptStore.swift in Sources */ = {isa = PBXBuildFile; fileRef = CD6A9A282340267F00748249 /* RezeptStore.swift */; };
		CDE13F4D2343A67500019202 /* RezeptRow.swift in Sources */ = {isa = PBXBuildFile; fileRef = CDE13F4C2343A67500019202 /* RezeptRow.swift */; };
		CDE13F4F2343AB7C00019202 /* RezeptDetail.swift in Sources */ = {isa = PBXBuildFile; fileRef = CDE13F4E2343AB7C00019202 /* RezeptDetail.swift */; };
		CDE13F512343B12F00019202 /* BrotValueDetail.swift in Sources */ = {isa = PBXBuildFile; fileRef = CDE13F502343B12F00019202 /* BrotValueDetail.swift */; };
		CDE13F532343B3D200019202 /* MOTimePicker.swift in Sources */ = {isa = PBXBuildFile; fileRef = CDE13F522343B3D200019202 /* MOTimePicker.swift */; };
		CDE13F562343B42000019202 /* BrotValueRow.swift in Sources */ = {isa = PBXBuildFile; fileRef = CDE13F552343B42000019202 /* BrotValueRow.swift */; };
		DFD8F625798E7253320A3953 /* Pods_BrotApp2.framework in Frameworks */ = {isa = PBXBuildFile; fileRef = B4B870ECB29F2B49FED4D5FD /* Pods_BrotApp2.framework */; };
/* End PBXBuildFile section */

/* Begin PBXFileReference section */
		9BAA818C1EB61E42A1749401 /* Pods-BrotApp2.release.xcconfig */ = {isa = PBXFileReference; includeInIndex = 1; lastKnownFileType = text.xcconfig; name = "Pods-BrotApp2.release.xcconfig"; path = "Target Support Files/Pods-BrotApp2/Pods-BrotApp2.release.xcconfig"; sourceTree = "<group>"; };
		B4B870ECB29F2B49FED4D5FD /* Pods_BrotApp2.framework */ = {isa = PBXFileReference; explicitFileType = wrapper.framework; includeInIndex = 0; path = Pods_BrotApp2.framework; sourceTree = BUILT_PRODUCTS_DIR; };
		CD3C9A7523426DBB006FC5F9 /* RezeptData.json */ = {isa = PBXFileReference; lastKnownFileType = text.json; path = RezeptData.json; sourceTree = "<group>"; };
		CD3C9A7723426F0C006FC5F9 /* Data.swift */ = {isa = PBXFileReference; lastKnownFileType = sourcecode.swift; path = Data.swift; sourceTree = "<group>"; };
		CD6A9A0C2340252400748249 /* BrotApp2.app */ = {isa = PBXFileReference; explicitFileType = wrapper.application; includeInIndex = 0; path = BrotApp2.app; sourceTree = BUILT_PRODUCTS_DIR; };
		CD6A9A0F2340252400748249 /* AppDelegate.swift */ = {isa = PBXFileReference; lastKnownFileType = sourcecode.swift; path = AppDelegate.swift; sourceTree = "<group>"; };
		CD6A9A112340252400748249 /* SceneDelegate.swift */ = {isa = PBXFileReference; lastKnownFileType = sourcecode.swift; path = SceneDelegate.swift; sourceTree = "<group>"; };
		CD6A9A132340252400748249 /* RezeptList.swift */ = {isa = PBXFileReference; lastKnownFileType = sourcecode.swift; path = RezeptList.swift; sourceTree = "<group>"; };
		CD6A9A152340252600748249 /* Assets.xcassets */ = {isa = PBXFileReference; lastKnownFileType = folder.assetcatalog; path = Assets.xcassets; sourceTree = "<group>"; };
		CD6A9A182340252600748249 /* Preview Assets.xcassets */ = {isa = PBXFileReference; lastKnownFileType = folder.assetcatalog; path = "Preview Assets.xcassets"; sourceTree = "<group>"; };
		CD6A9A1B2340252600748249 /* Base */ = {isa = PBXFileReference; lastKnownFileType = file.storyboard; name = Base; path = Base.lproj/LaunchScreen.storyboard; sourceTree = "<group>"; };
		CD6A9A1D2340252600748249 /* Info.plist */ = {isa = PBXFileReference; lastKnownFileType = text.plist.xml; path = Info.plist; sourceTree = "<group>"; };
		CD6A9A232340255E00748249 /* BrotValue.swift */ = {isa = PBXFileReference; lastKnownFileType = sourcecode.swift; path = BrotValue.swift; sourceTree = "<group>"; };
		CD6A9A262340262B00748249 /* Rezept.swift */ = {isa = PBXFileReference; lastKnownFileType = sourcecode.swift; path = Rezept.swift; sourceTree = "<group>"; };
		CD6A9A282340267F00748249 /* RezeptStore.swift */ = {isa = PBXFileReference; lastKnownFileType = sourcecode.swift; path = RezeptStore.swift; sourceTree = "<group>"; };
		CDE13F4C2343A67500019202 /* RezeptRow.swift */ = {isa = PBXFileReference; lastKnownFileType = sourcecode.swift; path = RezeptRow.swift; sourceTree = "<group>"; };
		CDE13F4E2343AB7C00019202 /* RezeptDetail.swift */ = {isa = PBXFileReference; lastKnownFileType = sourcecode.swift; path = RezeptDetail.swift; sourceTree = "<group>"; };
		CDE13F502343B12F00019202 /* BrotValueDetail.swift */ = {isa = PBXFileReference; lastKnownFileType = sourcecode.swift; path = BrotValueDetail.swift; sourceTree = "<group>"; };
		CDE13F522343B3D200019202 /* MOTimePicker.swift */ = {isa = PBXFileReference; fileEncoding = 4; lastKnownFileType = sourcecode.swift; path = MOTimePicker.swift; sourceTree = "<group>"; };
		CDE13F552343B42000019202 /* BrotValueRow.swift */ = {isa = PBXFileReference; lastKnownFileType = sourcecode.swift; path = BrotValueRow.swift; sourceTree = "<group>"; };
		F4721B5665AD9BC1C8A4D52B /* Pods-BrotApp2.debug.xcconfig */ = {isa = PBXFileReference; includeInIndex = 1; lastKnownFileType = text.xcconfig; name = "Pods-BrotApp2.debug.xcconfig"; path = "Target Support Files/Pods-BrotApp2/Pods-BrotApp2.debug.xcconfig"; sourceTree = "<group>"; };
/* End PBXFileReference section */

/* Begin PBXFrameworksBuildPhase section */
		CD6A9A092340252400748249 /* Frameworks */ = {
			isa = PBXFrameworksBuildPhase;
			buildActionMask = 2147483647;
			files = (
				DFD8F625798E7253320A3953 /* Pods_BrotApp2.framework in Frameworks */,
			);
			runOnlyForDeploymentPostprocessing = 0;
		};
/* End PBXFrameworksBuildPhase section */

/* Begin PBXGroup section */
		06E4DF46B10D445F6A9FAFD0 /* Frameworks */ = {
			isa = PBXGroup;
			children = (
				B4B870ECB29F2B49FED4D5FD /* Pods_BrotApp2.framework */,
			);
			name = Frameworks;
			sourceTree = "<group>";
		};
		CD6A9A032340252400748249 = {
			isa = PBXGroup;
			children = (
				CD6A9A0E2340252400748249 /* BrotApp2 */,
				CD6A9A0D2340252400748249 /* Products */,
				EC838EE672262A0D7A170A19 /* Pods */,
				06E4DF46B10D445F6A9FAFD0 /* Frameworks */,
			);
			sourceTree = "<group>";
		};
		CD6A9A0D2340252400748249 /* Products */ = {
			isa = PBXGroup;
			children = (
				CD6A9A0C2340252400748249 /* BrotApp2.app */,
			);
			name = Products;
			sourceTree = "<group>";
		};
		CD6A9A0E2340252400748249 /* BrotApp2 */ = {
			isa = PBXGroup;
			children = (
				CD6A9A0F2340252400748249 /* AppDelegate.swift */,
				CD6A9A112340252400748249 /* SceneDelegate.swift */,
				CD6A9A132340252400748249 /* RezeptList.swift */,
				CDE13F4E2343AB7C00019202 /* RezeptDetail.swift */,
				CDE13F502343B12F00019202 /* BrotValueDetail.swift */,
				CDE13F542343B3E800019202 /* CustomViews */,
				CD6A9A252340256700748249 /* Models */,
				CD6A9A152340252600748249 /* Assets.xcassets */,
				CD6A9A1A2340252600748249 /* LaunchScreen.storyboard */,
				CD6A9A1D2340252600748249 /* Info.plist */,
				CD6A9A172340252600748249 /* Preview Content */,
			);
			path = BrotApp2;
			sourceTree = "<group>";
		};
		CD6A9A172340252600748249 /* Preview Content */ = {
			isa = PBXGroup;
			children = (
				CD6A9A182340252600748249 /* Preview Assets.xcassets */,
			);
			path = "Preview Content";
			sourceTree = "<group>";
		};
		CD6A9A252340256700748249 /* Models */ = {
			isa = PBXGroup;
			children = (
				CD6A9A232340255E00748249 /* BrotValue.swift */,
				CD6A9A262340262B00748249 /* Rezept.swift */,
				CD6A9A282340267F00748249 /* RezeptStore.swift */,
				CD3C9A7723426F0C006FC5F9 /* Data.swift */,
				CD3C9A7523426DBB006FC5F9 /* RezeptData.json */,
			);
			path = Models;
			sourceTree = "<group>";
		};
		CDE13F542343B3E800019202 /* CustomViews */ = {
			isa = PBXGroup;
			children = (
				CDE13F552343B42000019202 /* BrotValueRow.swift */,
				CDE13F4C2343A67500019202 /* RezeptRow.swift */,
				CDE13F522343B3D200019202 /* MOTimePicker.swift */,
			);
			path = CustomViews;
			sourceTree = "<group>";
		};
		EC838EE672262A0D7A170A19 /* Pods */ = {
			isa = PBXGroup;
			children = (
				F4721B5665AD9BC1C8A4D52B /* Pods-BrotApp2.debug.xcconfig */,
				9BAA818C1EB61E42A1749401 /* Pods-BrotApp2.release.xcconfig */,
			);
			name = Pods;
			path = Pods;
			sourceTree = "<group>";
		};
/* End PBXGroup section */

/* Begin PBXNativeTarget section */
		CD6A9A0B2340252400748249 /* BrotApp2 */ = {
			isa = PBXNativeTarget;
			buildConfigurationList = CD6A9A202340252600748249 /* Build configuration list for PBXNativeTarget "BrotApp2" */;
			buildPhases = (
				30DF158D0758DC3FE3986C10 /* [CP] Check Pods Manifest.lock */,
				CD6A9A082340252400748249 /* Sources */,
				CD6A9A092340252400748249 /* Frameworks */,
				CD6A9A0A2340252400748249 /* Resources */,
				6C3C13EA5DF86308602FC30F /* [CP] Embed Pods Frameworks */,
			);
			buildRules = (
			);
			dependencies = (
			);
			name = BrotApp2;
			productName = BrotApp2;
			productReference = CD6A9A0C2340252400748249 /* BrotApp2.app */;
			productType = "com.apple.product-type.application";
		};
/* End PBXNativeTarget section */

/* Begin PBXProject section */
		CD6A9A042340252400748249 /* Project object */ = {
			isa = PBXProject;
			attributes = {
				LastSwiftUpdateCheck = 1100;
				LastUpgradeCheck = 1100;
				ORGANIZATIONNAME = "Moritz Schaub";
				TargetAttributes = {
					CD6A9A0B2340252400748249 = {
						CreatedOnToolsVersion = 11.0;
					};
				};
			};
			buildConfigurationList = CD6A9A072340252400748249 /* Build configuration list for PBXProject "BrotApp2" */;
			compatibilityVersion = "Xcode 9.3";
			developmentRegion = en;
			hasScannedForEncodings = 0;
			knownRegions = (
				en,
				Base,
			);
			mainGroup = CD6A9A032340252400748249;
			productRefGroup = CD6A9A0D2340252400748249 /* Products */;
			projectDirPath = "";
			projectRoot = "";
			targets = (
				CD6A9A0B2340252400748249 /* BrotApp2 */,
			);
		};
/* End PBXProject section */

/* Begin PBXResourcesBuildPhase section */
		CD6A9A0A2340252400748249 /* Resources */ = {
			isa = PBXResourcesBuildPhase;
			buildActionMask = 2147483647;
			files = (
				CD6A9A1C2340252600748249 /* LaunchScreen.storyboard in Resources */,
				CD6A9A192340252600748249 /* Preview Assets.xcassets in Resources */,
				CD6A9A162340252600748249 /* Assets.xcassets in Resources */,
				CD3C9A7623426DBB006FC5F9 /* RezeptData.json in Resources */,
			);
			runOnlyForDeploymentPostprocessing = 0;
		};
/* End PBXResourcesBuildPhase section */

/* Begin PBXShellScriptBuildPhase section */
		30DF158D0758DC3FE3986C10 /* [CP] Check Pods Manifest.lock */ = {
			isa = PBXShellScriptBuildPhase;
			buildActionMask = 2147483647;
			files = (
			);
			inputFileListPaths = (
			);
			inputPaths = (
				"${PODS_PODFILE_DIR_PATH}/Podfile.lock",
				"${PODS_ROOT}/Manifest.lock",
			);
			name = "[CP] Check Pods Manifest.lock";
			outputFileListPaths = (
			);
			outputPaths = (
				"$(DERIVED_FILE_DIR)/Pods-BrotApp2-checkManifestLockResult.txt",
			);
			runOnlyForDeploymentPostprocessing = 0;
			shellPath = /bin/sh;
			shellScript = "diff \"${PODS_PODFILE_DIR_PATH}/Podfile.lock\" \"${PODS_ROOT}/Manifest.lock\" > /dev/null\nif [ $? != 0 ] ; then\n    # print error to STDERR\n    echo \"error: The sandbox is not in sync with the Podfile.lock. Run 'pod install' or update your CocoaPods installation.\" >&2\n    exit 1\nfi\n# This output is used by Xcode 'outputs' to avoid re-running this script phase.\necho \"SUCCESS\" > \"${SCRIPT_OUTPUT_FILE_0}\"\n";
			showEnvVarsInLog = 0;
		};
		6C3C13EA5DF86308602FC30F /* [CP] Embed Pods Frameworks */ = {
			isa = PBXShellScriptBuildPhase;
			buildActionMask = 2147483647;
			files = (
			);
			inputFileListPaths = (
				"${PODS_ROOT}/Target Support Files/Pods-BrotApp2/Pods-BrotApp2-frameworks-${CONFIGURATION}-input-files.xcfilelist",
			);
			name = "[CP] Embed Pods Frameworks";
			outputFileListPaths = (
				"${PODS_ROOT}/Target Support Files/Pods-BrotApp2/Pods-BrotApp2-frameworks-${CONFIGURATION}-output-files.xcfilelist",
			);
			runOnlyForDeploymentPostprocessing = 0;
			shellPath = /bin/sh;
			shellScript = "\"${PODS_ROOT}/Target Support Files/Pods-BrotApp2/Pods-BrotApp2-frameworks.sh\"\n";
			showEnvVarsInLog = 0;
		};
/* End PBXShellScriptBuildPhase section */

/* Begin PBXSourcesBuildPhase section */
		CD6A9A082340252400748249 /* Sources */ = {
			isa = PBXSourcesBuildPhase;
			buildActionMask = 2147483647;
			files = (
				CD3C9A7823426F0C006FC5F9 /* Data.swift in Sources */,
				CDE13F562343B42000019202 /* BrotValueRow.swift in Sources */,
				CD6A9A272340262B00748249 /* Rezept.swift in Sources */,
				CD6A9A102340252400748249 /* AppDelegate.swift in Sources */,
				CD6A9A122340252400748249 /* SceneDelegate.swift in Sources */,
				CDE13F4D2343A67500019202 /* RezeptRow.swift in Sources */,
				CD6A9A292340267F00748249 /* RezeptStore.swift in Sources */,
				CDE13F532343B3D200019202 /* MOTimePicker.swift in Sources */,
				CD6A9A242340255E00748249 /* BrotValue.swift in Sources */,
				CDE13F512343B12F00019202 /* BrotValueDetail.swift in Sources */,
				CD6A9A142340252400748249 /* RezeptList.swift in Sources */,
				CDE13F4F2343AB7C00019202 /* RezeptDetail.swift in Sources */,
			);
			runOnlyForDeploymentPostprocessing = 0;
		};
/* End PBXSourcesBuildPhase section */

/* Begin PBXVariantGroup section */
		CD6A9A1A2340252600748249 /* LaunchScreen.storyboard */ = {
			isa = PBXVariantGroup;
			children = (
				CD6A9A1B2340252600748249 /* Base */,
			);
			name = LaunchScreen.storyboard;
			sourceTree = "<group>";
		};
/* End PBXVariantGroup section */

/* Begin XCBuildConfiguration section */
		CD6A9A1E2340252600748249 /* Debug */ = {
			isa = XCBuildConfiguration;
			buildSettings = {
				ALWAYS_SEARCH_USER_PATHS = NO;
				CLANG_ANALYZER_NONNULL = YES;
				CLANG_ANALYZER_NUMBER_OBJECT_CONVERSION = YES_AGGRESSIVE;
				CLANG_CXX_LANGUAGE_STANDARD = "gnu++14";
				CLANG_CXX_LIBRARY = "libc++";
				CLANG_ENABLE_MODULES = YES;
				CLANG_ENABLE_OBJC_ARC = YES;
				CLANG_ENABLE_OBJC_WEAK = YES;
				CLANG_WARN_BLOCK_CAPTURE_AUTORELEASING = YES;
				CLANG_WARN_BOOL_CONVERSION = YES;
				CLANG_WARN_COMMA = YES;
				CLANG_WARN_CONSTANT_CONVERSION = YES;
				CLANG_WARN_DEPRECATED_OBJC_IMPLEMENTATIONS = YES;
				CLANG_WARN_DIRECT_OBJC_ISA_USAGE = YES_ERROR;
				CLANG_WARN_DOCUMENTATION_COMMENTS = YES;
				CLANG_WARN_EMPTY_BODY = YES;
				CLANG_WARN_ENUM_CONVERSION = YES;
				CLANG_WARN_INFINITE_RECURSION = YES;
				CLANG_WARN_INT_CONVERSION = YES;
				CLANG_WARN_NON_LITERAL_NULL_CONVERSION = YES;
				CLANG_WARN_OBJC_IMPLICIT_RETAIN_SELF = YES;
				CLANG_WARN_OBJC_LITERAL_CONVERSION = YES;
				CLANG_WARN_OBJC_ROOT_CLASS = YES_ERROR;
				CLANG_WARN_RANGE_LOOP_ANALYSIS = YES;
				CLANG_WARN_STRICT_PROTOTYPES = YES;
				CLANG_WARN_SUSPICIOUS_MOVE = YES;
				CLANG_WARN_UNGUARDED_AVAILABILITY = YES_AGGRESSIVE;
				CLANG_WARN_UNREACHABLE_CODE = YES;
				CLANG_WARN__DUPLICATE_METHOD_MATCH = YES;
				COPY_PHASE_STRIP = NO;
				DEBUG_INFORMATION_FORMAT = dwarf;
				ENABLE_STRICT_OBJC_MSGSEND = YES;
				ENABLE_TESTABILITY = YES;
				GCC_C_LANGUAGE_STANDARD = gnu11;
				GCC_DYNAMIC_NO_PIC = NO;
				GCC_NO_COMMON_BLOCKS = YES;
				GCC_OPTIMIZATION_LEVEL = 0;
				GCC_PREPROCESSOR_DEFINITIONS = (
					"DEBUG=1",
					"$(inherited)",
				);
				GCC_WARN_64_TO_32_BIT_CONVERSION = YES;
				GCC_WARN_ABOUT_RETURN_TYPE = YES_ERROR;
				GCC_WARN_UNDECLARED_SELECTOR = YES;
				GCC_WARN_UNINITIALIZED_AUTOS = YES_AGGRESSIVE;
				GCC_WARN_UNUSED_FUNCTION = YES;
				GCC_WARN_UNUSED_VARIABLE = YES;
				IPHONEOS_DEPLOYMENT_TARGET = 13.0;
				MTL_ENABLE_DEBUG_INFO = INCLUDE_SOURCE;
				MTL_FAST_MATH = YES;
				ONLY_ACTIVE_ARCH = YES;
				SDKROOT = iphoneos;
				SWIFT_ACTIVE_COMPILATION_CONDITIONS = DEBUG;
				SWIFT_OPTIMIZATION_LEVEL = "-Onone";
			};
			name = Debug;
		};
		CD6A9A1F2340252600748249 /* Release */ = {
			isa = XCBuildConfiguration;
			buildSettings = {
				ALWAYS_SEARCH_USER_PATHS = NO;
				CLANG_ANALYZER_NONNULL = YES;
				CLANG_ANALYZER_NUMBER_OBJECT_CONVERSION = YES_AGGRESSIVE;
				CLANG_CXX_LANGUAGE_STANDARD = "gnu++14";
				CLANG_CXX_LIBRARY = "libc++";
				CLANG_ENABLE_MODULES = YES;
				CLANG_ENABLE_OBJC_ARC = YES;
				CLANG_ENABLE_OBJC_WEAK = YES;
				CLANG_WARN_BLOCK_CAPTURE_AUTORELEASING = YES;
				CLANG_WARN_BOOL_CONVERSION = YES;
				CLANG_WARN_COMMA = YES;
				CLANG_WARN_CONSTANT_CONVERSION = YES;
				CLANG_WARN_DEPRECATED_OBJC_IMPLEMENTATIONS = YES;
				CLANG_WARN_DIRECT_OBJC_ISA_USAGE = YES_ERROR;
				CLANG_WARN_DOCUMENTATION_COMMENTS = YES;
				CLANG_WARN_EMPTY_BODY = YES;
				CLANG_WARN_ENUM_CONVERSION = YES;
				CLANG_WARN_INFINITE_RECURSION = YES;
				CLANG_WARN_INT_CONVERSION = YES;
				CLANG_WARN_NON_LITERAL_NULL_CONVERSION = YES;
				CLANG_WARN_OBJC_IMPLICIT_RETAIN_SELF = YES;
				CLANG_WARN_OBJC_LITERAL_CONVERSION = YES;
				CLANG_WARN_OBJC_ROOT_CLASS = YES_ERROR;
				CLANG_WARN_RANGE_LOOP_ANALYSIS = YES;
				CLANG_WARN_STRICT_PROTOTYPES = YES;
				CLANG_WARN_SUSPICIOUS_MOVE = YES;
				CLANG_WARN_UNGUARDED_AVAILABILITY = YES_AGGRESSIVE;
				CLANG_WARN_UNREACHABLE_CODE = YES;
				CLANG_WARN__DUPLICATE_METHOD_MATCH = YES;
				COPY_PHASE_STRIP = NO;
				DEBUG_INFORMATION_FORMAT = "dwarf-with-dsym";
				ENABLE_NS_ASSERTIONS = NO;
				ENABLE_STRICT_OBJC_MSGSEND = YES;
				GCC_C_LANGUAGE_STANDARD = gnu11;
				GCC_NO_COMMON_BLOCKS = YES;
				GCC_WARN_64_TO_32_BIT_CONVERSION = YES;
				GCC_WARN_ABOUT_RETURN_TYPE = YES_ERROR;
				GCC_WARN_UNDECLARED_SELECTOR = YES;
				GCC_WARN_UNINITIALIZED_AUTOS = YES_AGGRESSIVE;
				GCC_WARN_UNUSED_FUNCTION = YES;
				GCC_WARN_UNUSED_VARIABLE = YES;
				IPHONEOS_DEPLOYMENT_TARGET = 13.0;
				MTL_ENABLE_DEBUG_INFO = NO;
				MTL_FAST_MATH = YES;
				SDKROOT = iphoneos;
				SWIFT_COMPILATION_MODE = wholemodule;
				SWIFT_OPTIMIZATION_LEVEL = "-O";
				VALIDATE_PRODUCT = YES;
			};
			name = Release;
		};
		CD6A9A212340252600748249 /* Debug */ = {
			isa = XCBuildConfiguration;
			baseConfigurationReference = F4721B5665AD9BC1C8A4D52B /* Pods-BrotApp2.debug.xcconfig */;
			buildSettings = {
				ASSETCATALOG_COMPILER_APPICON_NAME = AppIcon;
				CODE_SIGN_STYLE = Automatic;
				DEVELOPMENT_ASSET_PATHS = "\"BrotApp2/Preview Content\"";
				DEVELOPMENT_TEAM = 2WV4PNAXJT;
				ENABLE_PREVIEWS = YES;
				INFOPLIST_FILE = BrotApp2/Info.plist;
				LD_RUNPATH_SEARCH_PATHS = (
					"$(inherited)",
					"@executable_path/Frameworks",
				);
				PRODUCT_BUNDLE_IDENTIFIER = com.moritzschaub.BrotApp2;
				PRODUCT_NAME = "$(TARGET_NAME)";
				SWIFT_VERSION = 5.0;
				TARGETED_DEVICE_FAMILY = "1,2";
			};
			name = Debug;
		};
		CD6A9A222340252600748249 /* Release */ = {
			isa = XCBuildConfiguration;
			baseConfigurationReference = 9BAA818C1EB61E42A1749401 /* Pods-BrotApp2.release.xcconfig */;
			buildSettings = {
				ASSETCATALOG_COMPILER_APPICON_NAME = AppIcon;
				CODE_SIGN_STYLE = Automatic;
				DEVELOPMENT_ASSET_PATHS = "\"BrotApp2/Preview Content\"";
				DEVELOPMENT_TEAM = 2WV4PNAXJT;
				ENABLE_PREVIEWS = YES;
				INFOPLIST_FILE = BrotApp2/Info.plist;
				LD_RUNPATH_SEARCH_PATHS = (
					"$(inherited)",
					"@executable_path/Frameworks",
				);
				PRODUCT_BUNDLE_IDENTIFIER = com.moritzschaub.BrotApp2;
				PRODUCT_NAME = "$(TARGET_NAME)";
				SWIFT_VERSION = 5.0;
				TARGETED_DEVICE_FAMILY = "1,2";
			};
			name = Release;
		};
/* End XCBuildConfiguration section */

/* Begin XCConfigurationList section */
		CD6A9A072340252400748249 /* Build configuration list for PBXProject "BrotApp2" */ = {
			isa = XCConfigurationList;
			buildConfigurations = (
				CD6A9A1E2340252600748249 /* Debug */,
				CD6A9A1F2340252600748249 /* Release */,
			);
			defaultConfigurationIsVisible = 0;
			defaultConfigurationName = Release;
		};
		CD6A9A202340252600748249 /* Build configuration list for PBXNativeTarget "BrotApp2" */ = {
			isa = XCConfigurationList;
			buildConfigurations = (
				CD6A9A212340252600748249 /* Debug */,
				CD6A9A222340252600748249 /* Release */,
			);
			defaultConfigurationIsVisible = 0;
			defaultConfigurationName = Release;
		};
/* End XCConfigurationList section */
	};
	rootObject = CD6A9A042340252400748249 /* Project object */;
}
